
Microsoft Visual Studio Solution File, Format Version 12.00
# Visual Studio Version 16
VisualStudioVersion = 16.0.31911.196
MinimumVisualStudioVersion = 10.0.40219.1
Project("{9A19103F-16F7-4668-BE54-9A1E7A4F7556}") = "01.SumAdjecentEqualNumbers", "01.SumAdjecentEqualNumbers\01.SumAdjecentEqualNumbers.csproj", "{EC11B391-4AC1-47F2-9976-001DB9D64BD4}"
EndProject
Project("{9A19103F-16F7-4668-BE54-9A1E7A4F7556}") = "02.GaussTrick", "02.GaussTrick\02.GaussTrick.csproj", "{56999F28-ABBD-4470-BF9D-BC56A17742D6}"
EndProject
Project("{9A19103F-16F7-4668-BE54-9A1E7A4F7556}") = "03.MergingLists", "03.MergingLists\03.MergingLists.csproj", "{FDCAAEB4-6DAF-4C0D-B733-AEC10B840651}"
EndProject
Project("{9A19103F-16F7-4668-BE54-9A1E7A4F7556}") = "04.ListOfProducts", "04.ListOfProducts\04.ListOfProducts.csproj", "{C30ED493-F88E-44F7-8391-27C3B7657D72}"
EndProject
Project("{FAE04EC0-301F-11D3-BF4B-00C04F79EFBC}") = "05.RemoveNegativesAndReverse", "05.RemoveNegativesAndReverse\05.RemoveNegativesAndReverse.csproj", "{0CD80970-BB18-4576-BC39-CF817B975904}"
EndProject
Project("{FAE04EC0-301F-11D3-BF4B-00C04F79EFBC}") = "06.ListManipulationBasics", "06.ListManipulationBasics\06.ListManipulationBasics.csproj", "{D1E73DCD-4632-4030-A59E-1D00AA8A1DE5}"
EndProject
Project("{FAE04EC0-301F-11D3-BF4B-00C04F79EFBC}") = "07.ListManipulationAdvanced", "07.ListManipulationAdvanced\07.ListManipulationAdvanced.csproj", "{56A14AE2-A82F-497E-BF64-C6517500B9A5}"
EndProject
Global
	GlobalSection(SolutionConfigurationPlatforms) = preSolution
		Debug|Any CPU = Debug|Any CPU
		Release|Any CPU = Release|Any CPU
	EndGlobalSection
	GlobalSection(ProjectConfigurationPlatforms) = postSolution
		{EC11B391-4AC1-47F2-9976-001DB9D64BD4}.Debug|Any CPU.ActiveCfg = Debug|Any CPU
		{EC11B391-4AC1-47F2-9976-001DB9D64BD4}.Debug|Any CPU.Build.0 = Debug|Any CPU
		{EC11B391-4AC1-47F2-9976-001DB9D64BD4}.Release|Any CPU.ActiveCfg = Release|Any CPU
		{EC11B391-4AC1-47F2-9976-001DB9D64BD4}.Release|Any CPU.Build.0 = Release|Any CPU
		{56999F28-ABBD-4470-BF9D-BC56A17742D6}.Debug|Any CPU.ActiveCfg = Debug|Any CPU
		{56999F28-ABBD-4470-BF9D-BC56A17742D6}.Debug|Any CPU.Build.0 = Debug|Any CPU
		{56999F28-ABBD-4470-BF9D-BC56A17742D6}.Release|Any CPU.ActiveCfg = Release|Any CPU
		{56999F28-ABBD-4470-BF9D-BC56A17742D6}.Release|Any CPU.Build.0 = Release|Any CPU
		{FDCAAEB4-6DAF-4C0D-B733-AEC10B840651}.Debug|Any CPU.ActiveCfg = Debug|Any CPU
		{FDCAAEB4-6DAF-4C0D-B733-AEC10B840651}.Debug|Any CPU.Build.0 = Debug|Any CPU
		{FDCAAEB4-6DAF-4C0D-B733-AEC10B840651}.Release|Any CPU.ActiveCfg = Release|Any CPU
		{FDCAAEB4-6DAF-4C0D-B733-AEC10B840651}.Release|Any CPU.Build.0 = Release|Any CPU
		{C30ED493-F88E-44F7-8391-27C3B7657D72}.Debug|Any CPU.ActiveCfg = Debug|Any CPU
		{C30ED493-F88E-44F7-8391-27C3B7657D72}.Debug|Any CPU.Build.0 = Debug|Any CPU
		{C30ED493-F88E-44F7-8391-27C3B7657D72}.Release|Any CPU.ActiveCfg = Release|Any CPU
		{C30ED493-F88E-44F7-8391-27C3B7657D72}.Release|Any CPU.Build.0 = Release|Any CPU
		{0CD80970-BB18-4576-BC39-CF817B975904}.Debug|Any CPU.ActiveCfg = Debug|Any CPU
		{0CD80970-BB18-4576-BC39-CF817B975904}.Debug|Any CPU.Build.0 = Debug|Any CPU
		{0CD80970-BB18-4576-BC39-CF817B975904}.Release|Any CPU.ActiveCfg = Release|Any CPU
		{0CD80970-BB18-4576-BC39-CF817B975904}.Release|Any CPU.Build.0 = Release|Any CPU
		{D1E73DCD-4632-4030-A59E-1D00AA8A1DE5}.Debug|Any CPU.ActiveCfg = Debug|Any CPU
		{D1E73DCD-4632-4030-A59E-1D00AA8A1DE5}.Debug|Any CPU.Build.0 = Debug|Any CPU
		{D1E73DCD-4632-4030-A59E-1D00AA8A1DE5}.Release|Any CPU.ActiveCfg = Release|Any CPU
		{D1E73DCD-4632-4030-A59E-1D00AA8A1DE5}.Release|Any CPU.Build.0 = Release|Any CPU
		{56A14AE2-A82F-497E-BF64-C6517500B9A5}.Debug|Any CPU.ActiveCfg = Debug|Any CPU
		{56A14AE2-A82F-497E-BF64-C6517500B9A5}.Debug|Any CPU.Build.0 = Debug|Any CPU
		{56A14AE2-A82F-497E-BF64-C6517500B9A5}.Release|Any CPU.ActiveCfg = Release|Any CPU
		{56A14AE2-A82F-497E-BF64-C6517500B9A5}.Release|Any CPU.Build.0 = Release|Any CPU
	EndGlobalSection
	GlobalSection(SolutionProperties) = preSolution
		HideSolutionNode = FALSE
	EndGlobalSection
	GlobalSection(ExtensibilityGlobals) = postSolution
		SolutionGuid = {8CA1568B-4AC0-4338-BC1C-F5BEF9EF5B1B}
	EndGlobalSection
EndGlobal
