
Microsoft Visual Studio Solution File, Format Version 12.00
# Visual Studio Version 17
VisualStudioVersion = 17.3.32922.545
MinimumVisualStudioVersion = 10.0.40219.1
Project("{9A19103F-16F7-4668-BE54-9A1E7A4F7556}") = "01.SortPersonsByNameAndAge", "01.SortPersonsByNameAndAge\01.SortPersonsByNameAndAge.csproj", "{01E57F2B-8B90-474A-B88D-BDA7DD984122}"
EndProject
Project("{9A19103F-16F7-4668-BE54-9A1E7A4F7556}") = "02.SalaryIncrease", "02.SalaryIncrease\02.SalaryIncrease.csproj", "{88ACE92A-116E-48E0-8FC5-41D55DCFF7CB}"
EndProject
Project("{FAE04EC0-301F-11D3-BF4B-00C04F79EFBC}") = "03.ValidationOfData", "03.ValidationOfData\03.ValidationOfData.csproj", "{31D35308-21D2-4DF1-9CE6-65F30E7AA3B5}"
EndProject
Project("{FAE04EC0-301F-11D3-BF4B-00C04F79EFBC}") = "04.Team", "04.Team\04.Team.csproj", "{6411ACB6-6DB1-4E03-92FF-B0233F85D33A}"
EndProject
Global
	GlobalSection(SolutionConfigurationPlatforms) = preSolution
		Debug|Any CPU = Debug|Any CPU
		Release|Any CPU = Release|Any CPU
	EndGlobalSection
	GlobalSection(ProjectConfigurationPlatforms) = postSolution
		{01E57F2B-8B90-474A-B88D-BDA7DD984122}.Debug|Any CPU.ActiveCfg = Debug|Any CPU
		{01E57F2B-8B90-474A-B88D-BDA7DD984122}.Debug|Any CPU.Build.0 = Debug|Any CPU
		{01E57F2B-8B90-474A-B88D-BDA7DD984122}.Release|Any CPU.ActiveCfg = Release|Any CPU
		{01E57F2B-8B90-474A-B88D-BDA7DD984122}.Release|Any CPU.Build.0 = Release|Any CPU
		{88ACE92A-116E-48E0-8FC5-41D55DCFF7CB}.Debug|Any CPU.ActiveCfg = Debug|Any CPU
		{88ACE92A-116E-48E0-8FC5-41D55DCFF7CB}.Debug|Any CPU.Build.0 = Debug|Any CPU
		{88ACE92A-116E-48E0-8FC5-41D55DCFF7CB}.Release|Any CPU.ActiveCfg = Release|Any CPU
		{88ACE92A-116E-48E0-8FC5-41D55DCFF7CB}.Release|Any CPU.Build.0 = Release|Any CPU
		{31D35308-21D2-4DF1-9CE6-65F30E7AA3B5}.Debug|Any CPU.ActiveCfg = Debug|Any CPU
		{31D35308-21D2-4DF1-9CE6-65F30E7AA3B5}.Debug|Any CPU.Build.0 = Debug|Any CPU
		{31D35308-21D2-4DF1-9CE6-65F30E7AA3B5}.Release|Any CPU.ActiveCfg = Release|Any CPU
		{31D35308-21D2-4DF1-9CE6-65F30E7AA3B5}.Release|Any CPU.Build.0 = Release|Any CPU
		{6411ACB6-6DB1-4E03-92FF-B0233F85D33A}.Debug|Any CPU.ActiveCfg = Debug|Any CPU
		{6411ACB6-6DB1-4E03-92FF-B0233F85D33A}.Debug|Any CPU.Build.0 = Debug|Any CPU
		{6411ACB6-6DB1-4E03-92FF-B0233F85D33A}.Release|Any CPU.ActiveCfg = Release|Any CPU
		{6411ACB6-6DB1-4E03-92FF-B0233F85D33A}.Release|Any CPU.Build.0 = Release|Any CPU
	EndGlobalSection
	GlobalSection(SolutionProperties) = preSolution
		HideSolutionNode = FALSE
	EndGlobalSection
	GlobalSection(ExtensibilityGlobals) = postSolution
		SolutionGuid = {B10D161E-4A88-4B25-A37B-64542CEF3971}
	EndGlobalSection
EndGlobal
