
Microsoft Visual Studio Solution File, Format Version 12.00
# Visual Studio Version 17
VisualStudioVersion = 17.2.32616.157
MinimumVisualStudioVersion = 10.0.40219.1
Project("{9A19103F-16F7-4668-BE54-9A1E7A4F7556}") = "01.Ranking", "01.Ranking\01.Ranking.csproj", "{40D6BB0A-D48C-4701-BD30-E5F63F75A155}"
EndProject
Project("{FAE04EC0-301F-11D3-BF4B-00C04F79EFBC}") = "02.Judge", "02.Judge\02.Judge.csproj", "{0782F45A-FEA7-4AAC-BDC3-992DFE8FAD9C}"
EndProject
Global
	GlobalSection(SolutionConfigurationPlatforms) = preSolution
		Debug|Any CPU = Debug|Any CPU
		Release|Any CPU = Release|Any CPU
	EndGlobalSection
	GlobalSection(ProjectConfigurationPlatforms) = postSolution
		{40D6BB0A-D48C-4701-BD30-E5F63F75A155}.Debug|Any CPU.ActiveCfg = Debug|Any CPU
		{40D6BB0A-D48C-4701-BD30-E5F63F75A155}.Debug|Any CPU.Build.0 = Debug|Any CPU
		{40D6BB0A-D48C-4701-BD30-E5F63F75A155}.Release|Any CPU.ActiveCfg = Release|Any CPU
		{40D6BB0A-D48C-4701-BD30-E5F63F75A155}.Release|Any CPU.Build.0 = Release|Any CPU
		{0782F45A-FEA7-4AAC-BDC3-992DFE8FAD9C}.Debug|Any CPU.ActiveCfg = Debug|Any CPU
		{0782F45A-FEA7-4AAC-BDC3-992DFE8FAD9C}.Debug|Any CPU.Build.0 = Debug|Any CPU
		{0782F45A-FEA7-4AAC-BDC3-992DFE8FAD9C}.Release|Any CPU.ActiveCfg = Release|Any CPU
		{0782F45A-FEA7-4AAC-BDC3-992DFE8FAD9C}.Release|Any CPU.Build.0 = Release|Any CPU
	EndGlobalSection
	GlobalSection(SolutionProperties) = preSolution
		HideSolutionNode = FALSE
	EndGlobalSection
	GlobalSection(ExtensibilityGlobals) = postSolution
		SolutionGuid = {0653689A-5F1C-4999-A8BE-AE869051FD73}
	EndGlobalSection
EndGlobal
