
Microsoft Visual Studio Solution File, Format Version 12.00
# Visual Studio Version 17
VisualStudioVersion = 17.6.33723.286
MinimumVisualStudioVersion = 10.0.40219.1
Project("{FAE04EC0-301F-11D3-BF4B-00C04F79EFBC}") = "TaskBoardApp", "TaskBoardApp\TaskBoardApp.csproj", "{AE06AEAD-3ABB-4B33-A2DD-C844DD2A6D43}"
EndProject
Global
	GlobalSection(SolutionConfigurationPlatforms) = preSolution
		Debug|Any CPU = Debug|Any CPU
		Release|Any CPU = Release|Any CPU
	EndGlobalSection
	GlobalSection(ProjectConfigurationPlatforms) = postSolution
		{AE06AEAD-3ABB-4B33-A2DD-C844DD2A6D43}.Debug|Any CPU.ActiveCfg = Debug|Any CPU
		{AE06AEAD-3ABB-4B33-A2DD-C844DD2A6D43}.Debug|Any CPU.Build.0 = Debug|Any CPU
		{AE06AEAD-3ABB-4B33-A2DD-C844DD2A6D43}.Release|Any CPU.ActiveCfg = Release|Any CPU
		{AE06AEAD-3ABB-4B33-A2DD-C844DD2A6D43}.Release|Any CPU.Build.0 = Release|Any CPU
	EndGlobalSection
	GlobalSection(SolutionProperties) = preSolution
		HideSolutionNode = FALSE
	EndGlobalSection
	GlobalSection(ExtensibilityGlobals) = postSolution
		SolutionGuid = {88D31D1D-2B4B-45FC-822B-FFF5EB3F9602}
	EndGlobalSection
EndGlobal
