
Microsoft Visual Studio Solution File, Format Version 12.00
# Visual Studio Version 16
VisualStudioVersion = 16.0.31911.196
MinimumVisualStudioVersion = 10.0.40219.1
Project("{9A19103F-16F7-4668-BE54-9A1E7A4F7556}") = "01.SortNumbers", "01.SortNumbers\01.SortNumbers.csproj", "{71017479-0905-4F61-9F6C-6F4021DCE5F7}"
EndProject
Project("{9A19103F-16F7-4668-BE54-9A1E7A4F7556}") = "02.EnglishNameOfTheLastDigit", "02.EnglishNameOfTheLastDigit\02.EnglishNameOfTheLastDigit.csproj", "{0FF3B0A8-1ECD-4EF9-A8B8-08551D5582F1}"
EndProject
Project("{FAE04EC0-301F-11D3-BF4B-00C04F79EFBC}") = "03.GamingStore", "03.GamingStore\03.GamingStore.csproj", "{A4F07907-3C75-4F3D-98B8-C6CAF4F46586}"
EndProject
Project("{FAE04EC0-301F-11D3-BF4B-00C04F79EFBC}") = "04.ReverseString", "04.ReverseString\04.ReverseString.csproj", "{752FD91D-8103-4B69-BCA1-CDC35A912684}"
EndProject
Global
	GlobalSection(SolutionConfigurationPlatforms) = preSolution
		Debug|Any CPU = Debug|Any CPU
		Release|Any CPU = Release|Any CPU
	EndGlobalSection
	GlobalSection(ProjectConfigurationPlatforms) = postSolution
		{71017479-0905-4F61-9F6C-6F4021DCE5F7}.Debug|Any CPU.ActiveCfg = Debug|Any CPU
		{71017479-0905-4F61-9F6C-6F4021DCE5F7}.Debug|Any CPU.Build.0 = Debug|Any CPU
		{71017479-0905-4F61-9F6C-6F4021DCE5F7}.Release|Any CPU.ActiveCfg = Release|Any CPU
		{71017479-0905-4F61-9F6C-6F4021DCE5F7}.Release|Any CPU.Build.0 = Release|Any CPU
		{0FF3B0A8-1ECD-4EF9-A8B8-08551D5582F1}.Debug|Any CPU.ActiveCfg = Debug|Any CPU
		{0FF3B0A8-1ECD-4EF9-A8B8-08551D5582F1}.Debug|Any CPU.Build.0 = Debug|Any CPU
		{0FF3B0A8-1ECD-4EF9-A8B8-08551D5582F1}.Release|Any CPU.ActiveCfg = Release|Any CPU
		{0FF3B0A8-1ECD-4EF9-A8B8-08551D5582F1}.Release|Any CPU.Build.0 = Release|Any CPU
		{A4F07907-3C75-4F3D-98B8-C6CAF4F46586}.Debug|Any CPU.ActiveCfg = Debug|Any CPU
		{A4F07907-3C75-4F3D-98B8-C6CAF4F46586}.Debug|Any CPU.Build.0 = Debug|Any CPU
		{A4F07907-3C75-4F3D-98B8-C6CAF4F46586}.Release|Any CPU.ActiveCfg = Release|Any CPU
		{A4F07907-3C75-4F3D-98B8-C6CAF4F46586}.Release|Any CPU.Build.0 = Release|Any CPU
		{752FD91D-8103-4B69-BCA1-CDC35A912684}.Debug|Any CPU.ActiveCfg = Debug|Any CPU
		{752FD91D-8103-4B69-BCA1-CDC35A912684}.Debug|Any CPU.Build.0 = Debug|Any CPU
		{752FD91D-8103-4B69-BCA1-CDC35A912684}.Release|Any CPU.ActiveCfg = Release|Any CPU
		{752FD91D-8103-4B69-BCA1-CDC35A912684}.Release|Any CPU.Build.0 = Release|Any CPU
	EndGlobalSection
	GlobalSection(SolutionProperties) = preSolution
		HideSolutionNode = FALSE
	EndGlobalSection
	GlobalSection(ExtensibilityGlobals) = postSolution
		SolutionGuid = {3499BC9F-49A4-43CD-9E13-5DEA837011D1}
	EndGlobalSection
EndGlobal
