
Microsoft Visual Studio Solution File, Format Version 12.00
# Visual Studio Version 17
VisualStudioVersion = 17.3.32922.545
MinimumVisualStudioVersion = 10.0.40219.1
Project("{9A19103F-16F7-4668-BE54-9A1E7A4F7556}") = "DefiningClasses", "DefiningClasses\DefiningClasses.csproj", "{37045D6A-D333-4942-B234-6028B186AD4C}"
EndProject
Project("{9A19103F-16F7-4668-BE54-9A1E7A4F7556}") = "DateModifier", "DateModifier\DateModifier.csproj", "{D3B787F4-FCD8-4B9F-A5E3-29AE97FBBFF6}"
EndProject
Project("{9A19103F-16F7-4668-BE54-9A1E7A4F7556}") = "SpeedRacing", "SpeedRacing\SpeedRacing.csproj", "{CD816165-CFCE-4CE4-B329-B837523F14BE}"
EndProject
Project("{9A19103F-16F7-4668-BE54-9A1E7A4F7556}") = "RawData", "RawData\RawData.csproj", "{B81A3275-3796-4768-B022-FE8DB3B9551A}"
EndProject
Project("{9A19103F-16F7-4668-BE54-9A1E7A4F7556}") = "CarSalesman", "CarSalesman\CarSalesman.csproj", "{61FD98CA-4531-465A-91EF-F3072BB5FD4F}"
EndProject
Project("{FAE04EC0-301F-11D3-BF4B-00C04F79EFBC}") = "PokemonTrainer", "PokemonTrainer\PokemonTrainer.csproj", "{DDBC8975-5E2A-4AD6-9493-B67219C4A9B4}"
EndProject
Project("{9A19103F-16F7-4668-BE54-9A1E7A4F7556}") = "SoftUniParking", "SoftUniParking\SoftUniParking.csproj", "{9107E2AE-D74B-4463-9982-A4ACA1A9632D}"
EndProject
Global
	GlobalSection(SolutionConfigurationPlatforms) = preSolution
		Debug|Any CPU = Debug|Any CPU
		Release|Any CPU = Release|Any CPU
	EndGlobalSection
	GlobalSection(ProjectConfigurationPlatforms) = postSolution
		{37045D6A-D333-4942-B234-6028B186AD4C}.Debug|Any CPU.ActiveCfg = Debug|Any CPU
		{37045D6A-D333-4942-B234-6028B186AD4C}.Debug|Any CPU.Build.0 = Debug|Any CPU
		{37045D6A-D333-4942-B234-6028B186AD4C}.Release|Any CPU.ActiveCfg = Release|Any CPU
		{37045D6A-D333-4942-B234-6028B186AD4C}.Release|Any CPU.Build.0 = Release|Any CPU
		{D3B787F4-FCD8-4B9F-A5E3-29AE97FBBFF6}.Debug|Any CPU.ActiveCfg = Debug|Any CPU
		{D3B787F4-FCD8-4B9F-A5E3-29AE97FBBFF6}.Debug|Any CPU.Build.0 = Debug|Any CPU
		{D3B787F4-FCD8-4B9F-A5E3-29AE97FBBFF6}.Release|Any CPU.ActiveCfg = Release|Any CPU
		{D3B787F4-FCD8-4B9F-A5E3-29AE97FBBFF6}.Release|Any CPU.Build.0 = Release|Any CPU
		{CD816165-CFCE-4CE4-B329-B837523F14BE}.Debug|Any CPU.ActiveCfg = Debug|Any CPU
		{CD816165-CFCE-4CE4-B329-B837523F14BE}.Debug|Any CPU.Build.0 = Debug|Any CPU
		{CD816165-CFCE-4CE4-B329-B837523F14BE}.Release|Any CPU.ActiveCfg = Release|Any CPU
		{CD816165-CFCE-4CE4-B329-B837523F14BE}.Release|Any CPU.Build.0 = Release|Any CPU
		{B81A3275-3796-4768-B022-FE8DB3B9551A}.Debug|Any CPU.ActiveCfg = Debug|Any CPU
		{B81A3275-3796-4768-B022-FE8DB3B9551A}.Debug|Any CPU.Build.0 = Debug|Any CPU
		{B81A3275-3796-4768-B022-FE8DB3B9551A}.Release|Any CPU.ActiveCfg = Release|Any CPU
		{B81A3275-3796-4768-B022-FE8DB3B9551A}.Release|Any CPU.Build.0 = Release|Any CPU
		{61FD98CA-4531-465A-91EF-F3072BB5FD4F}.Debug|Any CPU.ActiveCfg = Debug|Any CPU
		{61FD98CA-4531-465A-91EF-F3072BB5FD4F}.Debug|Any CPU.Build.0 = Debug|Any CPU
		{61FD98CA-4531-465A-91EF-F3072BB5FD4F}.Release|Any CPU.ActiveCfg = Release|Any CPU
		{61FD98CA-4531-465A-91EF-F3072BB5FD4F}.Release|Any CPU.Build.0 = Release|Any CPU
		{DDBC8975-5E2A-4AD6-9493-B67219C4A9B4}.Debug|Any CPU.ActiveCfg = Debug|Any CPU
		{DDBC8975-5E2A-4AD6-9493-B67219C4A9B4}.Debug|Any CPU.Build.0 = Debug|Any CPU
		{DDBC8975-5E2A-4AD6-9493-B67219C4A9B4}.Release|Any CPU.ActiveCfg = Release|Any CPU
		{DDBC8975-5E2A-4AD6-9493-B67219C4A9B4}.Release|Any CPU.Build.0 = Release|Any CPU
		{9107E2AE-D74B-4463-9982-A4ACA1A9632D}.Debug|Any CPU.ActiveCfg = Debug|Any CPU
		{9107E2AE-D74B-4463-9982-A4ACA1A9632D}.Debug|Any CPU.Build.0 = Debug|Any CPU
		{9107E2AE-D74B-4463-9982-A4ACA1A9632D}.Release|Any CPU.ActiveCfg = Release|Any CPU
		{9107E2AE-D74B-4463-9982-A4ACA1A9632D}.Release|Any CPU.Build.0 = Release|Any CPU
	EndGlobalSection
	GlobalSection(SolutionProperties) = preSolution
		HideSolutionNode = FALSE
	EndGlobalSection
	GlobalSection(ExtensibilityGlobals) = postSolution
		SolutionGuid = {9373D5FD-8769-4AC2-8515-A2AB40A87FE5}
	EndGlobalSection
EndGlobal
