
Microsoft Visual Studio Solution File, Format Version 12.00
# Visual Studio Version 17
VisualStudioVersion = 17.2.32616.157
MinimumVisualStudioVersion = 10.0.40219.1
Project("{9A19103F-16F7-4668-BE54-9A1E7A4F7556}") = "01.TheImitationGame", "01.TheImitationGame\01.TheImitationGame.csproj", "{0B09D4BB-BDD1-4C3E-A992-FBAC785F7628}"
EndProject
Project("{9A19103F-16F7-4668-BE54-9A1E7A4F7556}") = "02.AdAstra", "02.AdAstra\02.AdAstra.csproj", "{BC85CBD4-4F71-466F-8141-4A4039851ABD}"
EndProject
Project("{FAE04EC0-301F-11D3-BF4B-00C04F79EFBC}") = "03.ThePianist", "03.ThePianist\03.ThePianist.csproj", "{58B0BCF8-5045-43B6-8D77-05B201E18BB3}"
EndProject
Global
	GlobalSection(SolutionConfigurationPlatforms) = preSolution
		Debug|Any CPU = Debug|Any CPU
		Release|Any CPU = Release|Any CPU
	EndGlobalSection
	GlobalSection(ProjectConfigurationPlatforms) = postSolution
		{0B09D4BB-BDD1-4C3E-A992-FBAC785F7628}.Debug|Any CPU.ActiveCfg = Debug|Any CPU
		{0B09D4BB-BDD1-4C3E-A992-FBAC785F7628}.Debug|Any CPU.Build.0 = Debug|Any CPU
		{0B09D4BB-BDD1-4C3E-A992-FBAC785F7628}.Release|Any CPU.ActiveCfg = Release|Any CPU
		{0B09D4BB-BDD1-4C3E-A992-FBAC785F7628}.Release|Any CPU.Build.0 = Release|Any CPU
		{BC85CBD4-4F71-466F-8141-4A4039851ABD}.Debug|Any CPU.ActiveCfg = Debug|Any CPU
		{BC85CBD4-4F71-466F-8141-4A4039851ABD}.Debug|Any CPU.Build.0 = Debug|Any CPU
		{BC85CBD4-4F71-466F-8141-4A4039851ABD}.Release|Any CPU.ActiveCfg = Release|Any CPU
		{BC85CBD4-4F71-466F-8141-4A4039851ABD}.Release|Any CPU.Build.0 = Release|Any CPU
		{58B0BCF8-5045-43B6-8D77-05B201E18BB3}.Debug|Any CPU.ActiveCfg = Debug|Any CPU
		{58B0BCF8-5045-43B6-8D77-05B201E18BB3}.Debug|Any CPU.Build.0 = Debug|Any CPU
		{58B0BCF8-5045-43B6-8D77-05B201E18BB3}.Release|Any CPU.ActiveCfg = Release|Any CPU
		{58B0BCF8-5045-43B6-8D77-05B201E18BB3}.Release|Any CPU.Build.0 = Release|Any CPU
	EndGlobalSection
	GlobalSection(SolutionProperties) = preSolution
		HideSolutionNode = FALSE
	EndGlobalSection
	GlobalSection(ExtensibilityGlobals) = postSolution
		SolutionGuid = {1F9FF755-834F-420F-85CD-DB7E5C6DD445}
	EndGlobalSection
EndGlobal
