
Microsoft Visual Studio Solution File, Format Version 12.00
# Visual Studio Version 17
VisualStudioVersion = 17.2.32616.157
MinimumVisualStudioVersion = 10.0.40219.1
Project("{FAE04EC0-301F-11D3-BF4B-00C04F79EFBC}") = "01.ReverseAString", "01.ReverseAString\01.ReverseAString.csproj", "{E965AAE8-03D7-48F8-ACDF-59D6D0A211A0}"
EndProject
Global
	GlobalSection(SolutionConfigurationPlatforms) = preSolution
		Debug|Any CPU = Debug|Any CPU
		Release|Any CPU = Release|Any CPU
	EndGlobalSection
	GlobalSection(ProjectConfigurationPlatforms) = postSolution
		{E965AAE8-03D7-48F8-ACDF-59D6D0A211A0}.Debug|Any CPU.ActiveCfg = Debug|Any CPU
		{E965AAE8-03D7-48F8-ACDF-59D6D0A211A0}.Debug|Any CPU.Build.0 = Debug|Any CPU
		{E965AAE8-03D7-48F8-ACDF-59D6D0A211A0}.Release|Any CPU.ActiveCfg = Release|Any CPU
		{E965AAE8-03D7-48F8-ACDF-59D6D0A211A0}.Release|Any CPU.Build.0 = Release|Any CPU
	EndGlobalSection
	GlobalSection(SolutionProperties) = preSolution
		HideSolutionNode = FALSE
	EndGlobalSection
	GlobalSection(ExtensibilityGlobals) = postSolution
		SolutionGuid = {A5DEC4CD-F073-4D81-8162-AF3AB0D68AE2}
	EndGlobalSection
EndGlobal
