
Microsoft Visual Studio Solution File, Format Version 12.00
# Visual Studio Version 17
VisualStudioVersion = 17.2.32616.157
MinimumVisualStudioVersion = 10.0.40219.1
Project("{FAE04EC0-301F-11D3-BF4B-00C04F79EFBC}") = "01.BasicStackOperations", "01.BasicStackOperations\01.BasicStackOperations.csproj", "{3E74E272-BD4A-4666-AEDD-DE5F6AA81049}"
EndProject
Global
	GlobalSection(SolutionConfigurationPlatforms) = preSolution
		Debug|Any CPU = Debug|Any CPU
		Release|Any CPU = Release|Any CPU
	EndGlobalSection
	GlobalSection(ProjectConfigurationPlatforms) = postSolution
		{3E74E272-BD4A-4666-AEDD-DE5F6AA81049}.Debug|Any CPU.ActiveCfg = Debug|Any CPU
		{3E74E272-BD4A-4666-AEDD-DE5F6AA81049}.Debug|Any CPU.Build.0 = Debug|Any CPU
		{3E74E272-BD4A-4666-AEDD-DE5F6AA81049}.Release|Any CPU.ActiveCfg = Release|Any CPU
		{3E74E272-BD4A-4666-AEDD-DE5F6AA81049}.Release|Any CPU.Build.0 = Release|Any CPU
	EndGlobalSection
	GlobalSection(SolutionProperties) = preSolution
		HideSolutionNode = FALSE
	EndGlobalSection
	GlobalSection(ExtensibilityGlobals) = postSolution
		SolutionGuid = {F2821187-3BF5-4566-AD23-19DBD1F82582}
	EndGlobalSection
EndGlobal
