
Microsoft Visual Studio Solution File, Format Version 12.00
# Visual Studio Version 17
VisualStudioVersion = 17.2.32616.157
MinimumVisualStudioVersion = 10.0.40219.1
Project("{9A19103F-16F7-4668-BE54-9A1E7A4F7556}") = "01.BasicStackOperations", "01.BasicStackOperations\01.BasicStackOperations.csproj", "{3E74E272-BD4A-4666-AEDD-DE5F6AA81049}"
EndProject
Project("{9A19103F-16F7-4668-BE54-9A1E7A4F7556}") = "02.BasicQueueOperations", "02.BasicQueueOperations\02.BasicQueueOperations.csproj", "{0A8B03E5-1774-4E05-9BDD-8B67A40682FA}"
EndProject
Project("{9A19103F-16F7-4668-BE54-9A1E7A4F7556}") = "03.MaximumAndMinimumElement", "03.MaximumAndMinimumElement\03.MaximumAndMinimumElement.csproj", "{B888B06C-72EB-466E-98F0-855496F24DEA}"
EndProject
Project("{9A19103F-16F7-4668-BE54-9A1E7A4F7556}") = "04.FastFood", "04.FastFood\04.FastFood.csproj", "{F2AE6054-2809-43FD-AB01-38055350A42C}"
EndProject
Project("{9A19103F-16F7-4668-BE54-9A1E7A4F7556}") = "05.FashionBoutique", "05.FashionBoutique\05.FashionBoutique.csproj", "{F17C00DE-E9D3-4ABB-B65D-9B241E282CE3}"
EndProject
Project("{9A19103F-16F7-4668-BE54-9A1E7A4F7556}") = "06.SongQueue", "06.SongQueue\06.SongQueue.csproj", "{0D456766-B981-4500-99E5-210FA02C54C3}"
EndProject
Project("{9A19103F-16F7-4668-BE54-9A1E7A4F7556}") = "07.TruckTour", "07.TruckTour\07.TruckTour.csproj", "{CC4F74A1-6391-4D61-AAA8-885B94138BDB}"
EndProject
Project("{9A19103F-16F7-4668-BE54-9A1E7A4F7556}") = "08.BalancedParentheses", "08.BalancedParentheses\08.BalancedParentheses.csproj", "{384000D9-8FAC-4572-B5DB-82EBE16B6FFB}"
EndProject
Project("{9A19103F-16F7-4668-BE54-9A1E7A4F7556}") = "09.SimpleTextEditor", "09.SimpleTextEditor\09.SimpleTextEditor.csproj", "{7DB72223-DCAE-4406-8D0F-030733C96E32}"
EndProject
Project("{FAE04EC0-301F-11D3-BF4B-00C04F79EFBC}") = "10.Crossroads", "10.Crossroads\10.Crossroads.csproj", "{C6B58DA0-B4F9-4115-8481-AC97AED396E3}"
EndProject
Global
	GlobalSection(SolutionConfigurationPlatforms) = preSolution
		Debug|Any CPU = Debug|Any CPU
		Release|Any CPU = Release|Any CPU
	EndGlobalSection
	GlobalSection(ProjectConfigurationPlatforms) = postSolution
		{3E74E272-BD4A-4666-AEDD-DE5F6AA81049}.Debug|Any CPU.ActiveCfg = Debug|Any CPU
		{3E74E272-BD4A-4666-AEDD-DE5F6AA81049}.Debug|Any CPU.Build.0 = Debug|Any CPU
		{3E74E272-BD4A-4666-AEDD-DE5F6AA81049}.Release|Any CPU.ActiveCfg = Release|Any CPU
		{3E74E272-BD4A-4666-AEDD-DE5F6AA81049}.Release|Any CPU.Build.0 = Release|Any CPU
		{0A8B03E5-1774-4E05-9BDD-8B67A40682FA}.Debug|Any CPU.ActiveCfg = Debug|Any CPU
		{0A8B03E5-1774-4E05-9BDD-8B67A40682FA}.Debug|Any CPU.Build.0 = Debug|Any CPU
		{0A8B03E5-1774-4E05-9BDD-8B67A40682FA}.Release|Any CPU.ActiveCfg = Release|Any CPU
		{0A8B03E5-1774-4E05-9BDD-8B67A40682FA}.Release|Any CPU.Build.0 = Release|Any CPU
		{B888B06C-72EB-466E-98F0-855496F24DEA}.Debug|Any CPU.ActiveCfg = Debug|Any CPU
		{B888B06C-72EB-466E-98F0-855496F24DEA}.Debug|Any CPU.Build.0 = Debug|Any CPU
		{B888B06C-72EB-466E-98F0-855496F24DEA}.Release|Any CPU.ActiveCfg = Release|Any CPU
		{B888B06C-72EB-466E-98F0-855496F24DEA}.Release|Any CPU.Build.0 = Release|Any CPU
		{F2AE6054-2809-43FD-AB01-38055350A42C}.Debug|Any CPU.ActiveCfg = Debug|Any CPU
		{F2AE6054-2809-43FD-AB01-38055350A42C}.Debug|Any CPU.Build.0 = Debug|Any CPU
		{F2AE6054-2809-43FD-AB01-38055350A42C}.Release|Any CPU.ActiveCfg = Release|Any CPU
		{F2AE6054-2809-43FD-AB01-38055350A42C}.Release|Any CPU.Build.0 = Release|Any CPU
		{F17C00DE-E9D3-4ABB-B65D-9B241E282CE3}.Debug|Any CPU.ActiveCfg = Debug|Any CPU
		{F17C00DE-E9D3-4ABB-B65D-9B241E282CE3}.Debug|Any CPU.Build.0 = Debug|Any CPU
		{F17C00DE-E9D3-4ABB-B65D-9B241E282CE3}.Release|Any CPU.ActiveCfg = Release|Any CPU
		{F17C00DE-E9D3-4ABB-B65D-9B241E282CE3}.Release|Any CPU.Build.0 = Release|Any CPU
		{0D456766-B981-4500-99E5-210FA02C54C3}.Debug|Any CPU.ActiveCfg = Debug|Any CPU
		{0D456766-B981-4500-99E5-210FA02C54C3}.Debug|Any CPU.Build.0 = Debug|Any CPU
		{0D456766-B981-4500-99E5-210FA02C54C3}.Release|Any CPU.ActiveCfg = Release|Any CPU
		{0D456766-B981-4500-99E5-210FA02C54C3}.Release|Any CPU.Build.0 = Release|Any CPU
		{CC4F74A1-6391-4D61-AAA8-885B94138BDB}.Debug|Any CPU.ActiveCfg = Debug|Any CPU
		{CC4F74A1-6391-4D61-AAA8-885B94138BDB}.Debug|Any CPU.Build.0 = Debug|Any CPU
		{CC4F74A1-6391-4D61-AAA8-885B94138BDB}.Release|Any CPU.ActiveCfg = Release|Any CPU
		{CC4F74A1-6391-4D61-AAA8-885B94138BDB}.Release|Any CPU.Build.0 = Release|Any CPU
		{384000D9-8FAC-4572-B5DB-82EBE16B6FFB}.Debug|Any CPU.ActiveCfg = Debug|Any CPU
		{384000D9-8FAC-4572-B5DB-82EBE16B6FFB}.Debug|Any CPU.Build.0 = Debug|Any CPU
		{384000D9-8FAC-4572-B5DB-82EBE16B6FFB}.Release|Any CPU.ActiveCfg = Release|Any CPU
		{384000D9-8FAC-4572-B5DB-82EBE16B6FFB}.Release|Any CPU.Build.0 = Release|Any CPU
		{7DB72223-DCAE-4406-8D0F-030733C96E32}.Debug|Any CPU.ActiveCfg = Debug|Any CPU
		{7DB72223-DCAE-4406-8D0F-030733C96E32}.Debug|Any CPU.Build.0 = Debug|Any CPU
		{7DB72223-DCAE-4406-8D0F-030733C96E32}.Release|Any CPU.ActiveCfg = Release|Any CPU
		{7DB72223-DCAE-4406-8D0F-030733C96E32}.Release|Any CPU.Build.0 = Release|Any CPU
		{C6B58DA0-B4F9-4115-8481-AC97AED396E3}.Debug|Any CPU.ActiveCfg = Debug|Any CPU
		{C6B58DA0-B4F9-4115-8481-AC97AED396E3}.Debug|Any CPU.Build.0 = Debug|Any CPU
		{C6B58DA0-B4F9-4115-8481-AC97AED396E3}.Release|Any CPU.ActiveCfg = Release|Any CPU
		{C6B58DA0-B4F9-4115-8481-AC97AED396E3}.Release|Any CPU.Build.0 = Release|Any CPU
	EndGlobalSection
	GlobalSection(SolutionProperties) = preSolution
		HideSolutionNode = FALSE
	EndGlobalSection
	GlobalSection(ExtensibilityGlobals) = postSolution
		SolutionGuid = {F2821187-3BF5-4566-AD23-19DBD1F82582}
	EndGlobalSection
EndGlobal
