
Microsoft Visual Studio Solution File, Format Version 12.00
# Visual Studio Version 17
VisualStudioVersion = 17.2.32616.157
MinimumVisualStudioVersion = 10.0.40219.1
Project("{FAE04EC0-301F-11D3-BF4B-00C04F79EFBC}") = "01.ValidUsernames", "01.ValidUsernames\01.ValidUsernames.csproj", "{7664F811-70D5-4F4D-BA04-65F0C50A0629}"
EndProject
Project("{FAE04EC0-301F-11D3-BF4B-00C04F79EFBC}") = "02.CharacterMultiplier", "02.CharacterMultiplier\02.CharacterMultiplier.csproj", "{4F1A6395-B262-4046-B180-18B0176F1A40}"
EndProject
Project("{FAE04EC0-301F-11D3-BF4B-00C04F79EFBC}") = "03.ExtractFile", "03.ExtractFile\03.ExtractFile.csproj", "{EADC2C43-BC0F-44F3-A9F9-0BB63AE83064}"
EndProject
Project("{FAE04EC0-301F-11D3-BF4B-00C04F79EFBC}") = "04.CeasarCipher", "04.CeasarCipher\04.CeasarCipher.csproj", "{8B209EDF-96B3-4D90-ABA7-BAD10FBC9DA1}"
EndProject
Project("{FAE04EC0-301F-11D3-BF4B-00C04F79EFBC}") = "05.MultiplyBigNumber", "05.MultiplyBigNumber\05.MultiplyBigNumber.csproj", "{0D920E71-4BA1-4278-8EE2-F08D7E89F9A6}"
EndProject
Project("{FAE04EC0-301F-11D3-BF4B-00C04F79EFBC}") = "06.ReplaceRepeatingChars", "06.ReplaceRepeatingChars\06.ReplaceRepeatingChars.csproj", "{D2EBFA45-3C03-4F1B-A6D3-E82BC850A026}"
EndProject
Global
	GlobalSection(SolutionConfigurationPlatforms) = preSolution
		Debug|Any CPU = Debug|Any CPU
		Release|Any CPU = Release|Any CPU
	EndGlobalSection
	GlobalSection(ProjectConfigurationPlatforms) = postSolution
		{7664F811-70D5-4F4D-BA04-65F0C50A0629}.Debug|Any CPU.ActiveCfg = Debug|Any CPU
		{7664F811-70D5-4F4D-BA04-65F0C50A0629}.Debug|Any CPU.Build.0 = Debug|Any CPU
		{7664F811-70D5-4F4D-BA04-65F0C50A0629}.Release|Any CPU.ActiveCfg = Release|Any CPU
		{7664F811-70D5-4F4D-BA04-65F0C50A0629}.Release|Any CPU.Build.0 = Release|Any CPU
		{4F1A6395-B262-4046-B180-18B0176F1A40}.Debug|Any CPU.ActiveCfg = Debug|Any CPU
		{4F1A6395-B262-4046-B180-18B0176F1A40}.Debug|Any CPU.Build.0 = Debug|Any CPU
		{4F1A6395-B262-4046-B180-18B0176F1A40}.Release|Any CPU.ActiveCfg = Release|Any CPU
		{4F1A6395-B262-4046-B180-18B0176F1A40}.Release|Any CPU.Build.0 = Release|Any CPU
		{EADC2C43-BC0F-44F3-A9F9-0BB63AE83064}.Debug|Any CPU.ActiveCfg = Debug|Any CPU
		{EADC2C43-BC0F-44F3-A9F9-0BB63AE83064}.Debug|Any CPU.Build.0 = Debug|Any CPU
		{EADC2C43-BC0F-44F3-A9F9-0BB63AE83064}.Release|Any CPU.ActiveCfg = Release|Any CPU
		{EADC2C43-BC0F-44F3-A9F9-0BB63AE83064}.Release|Any CPU.Build.0 = Release|Any CPU
		{8B209EDF-96B3-4D90-ABA7-BAD10FBC9DA1}.Debug|Any CPU.ActiveCfg = Debug|Any CPU
		{8B209EDF-96B3-4D90-ABA7-BAD10FBC9DA1}.Debug|Any CPU.Build.0 = Debug|Any CPU
		{8B209EDF-96B3-4D90-ABA7-BAD10FBC9DA1}.Release|Any CPU.ActiveCfg = Release|Any CPU
		{8B209EDF-96B3-4D90-ABA7-BAD10FBC9DA1}.Release|Any CPU.Build.0 = Release|Any CPU
		{0D920E71-4BA1-4278-8EE2-F08D7E89F9A6}.Debug|Any CPU.ActiveCfg = Debug|Any CPU
		{0D920E71-4BA1-4278-8EE2-F08D7E89F9A6}.Debug|Any CPU.Build.0 = Debug|Any CPU
		{0D920E71-4BA1-4278-8EE2-F08D7E89F9A6}.Release|Any CPU.ActiveCfg = Release|Any CPU
		{0D920E71-4BA1-4278-8EE2-F08D7E89F9A6}.Release|Any CPU.Build.0 = Release|Any CPU
		{D2EBFA45-3C03-4F1B-A6D3-E82BC850A026}.Debug|Any CPU.ActiveCfg = Debug|Any CPU
		{D2EBFA45-3C03-4F1B-A6D3-E82BC850A026}.Debug|Any CPU.Build.0 = Debug|Any CPU
		{D2EBFA45-3C03-4F1B-A6D3-E82BC850A026}.Release|Any CPU.ActiveCfg = Release|Any CPU
		{D2EBFA45-3C03-4F1B-A6D3-E82BC850A026}.Release|Any CPU.Build.0 = Release|Any CPU
	EndGlobalSection
	GlobalSection(SolutionProperties) = preSolution
		HideSolutionNode = FALSE
	EndGlobalSection
	GlobalSection(ExtensibilityGlobals) = postSolution
		SolutionGuid = {13A14504-3780-41C3-AAF7-ECF3F83139AD}
	EndGlobalSection
EndGlobal
