
Microsoft Visual Studio Solution File, Format Version 12.00
# Visual Studio Version 17
VisualStudioVersion = 17.2.32616.157
MinimumVisualStudioVersion = 10.0.40219.1
Project("{9A19103F-16F7-4668-BE54-9A1E7A4F7556}") = "01.Furniture", "01.Furniture\01.Furniture.csproj", "{0599A679-A962-408A-A6C9-54B06B171372}"
EndProject
Project("{9A19103F-16F7-4668-BE54-9A1E7A4F7556}") = "02.Race", "02.Race\02.Race.csproj", "{6F04CF0B-1BD1-4B11-9CBE-9B22485D5DB3}"
EndProject
Project("{9A19103F-16F7-4668-BE54-9A1E7A4F7556}") = "03.SoftUniBarIncome", "03.SoftUniBarIncome\03.SoftUniBarIncome.csproj", "{9505C7FE-96E0-402F-B985-90A226891A37}"
EndProject
Project("{9A19103F-16F7-4668-BE54-9A1E7A4F7556}") = "04.StarEnigma", "04.StarEnigma\04.StarEnigma.csproj", "{7437830B-BB52-4D5A-8722-42EBFEB2A47E}"
EndProject
Project("{9A19103F-16F7-4668-BE54-9A1E7A4F7556}") = "05.NetherRealms", "05.NetherRealms\05.NetherRealms.csproj", "{F6FEA534-47B2-46A2-A5F2-CA05ACBF70A0}"
EndProject
Project("{FAE04EC0-301F-11D3-BF4B-00C04F79EFBC}") = "06.ExtractEmails", "06.ExtractEmails\06.ExtractEmails.csproj", "{8FAB5E29-1414-47C8-8BBB-D22AAEEDEBFC}"
EndProject
Global
	GlobalSection(SolutionConfigurationPlatforms) = preSolution
		Debug|Any CPU = Debug|Any CPU
		Release|Any CPU = Release|Any CPU
	EndGlobalSection
	GlobalSection(ProjectConfigurationPlatforms) = postSolution
		{0599A679-A962-408A-A6C9-54B06B171372}.Debug|Any CPU.ActiveCfg = Debug|Any CPU
		{0599A679-A962-408A-A6C9-54B06B171372}.Debug|Any CPU.Build.0 = Debug|Any CPU
		{0599A679-A962-408A-A6C9-54B06B171372}.Release|Any CPU.ActiveCfg = Release|Any CPU
		{0599A679-A962-408A-A6C9-54B06B171372}.Release|Any CPU.Build.0 = Release|Any CPU
		{6F04CF0B-1BD1-4B11-9CBE-9B22485D5DB3}.Debug|Any CPU.ActiveCfg = Debug|Any CPU
		{6F04CF0B-1BD1-4B11-9CBE-9B22485D5DB3}.Debug|Any CPU.Build.0 = Debug|Any CPU
		{6F04CF0B-1BD1-4B11-9CBE-9B22485D5DB3}.Release|Any CPU.ActiveCfg = Release|Any CPU
		{6F04CF0B-1BD1-4B11-9CBE-9B22485D5DB3}.Release|Any CPU.Build.0 = Release|Any CPU
		{9505C7FE-96E0-402F-B985-90A226891A37}.Debug|Any CPU.ActiveCfg = Debug|Any CPU
		{9505C7FE-96E0-402F-B985-90A226891A37}.Debug|Any CPU.Build.0 = Debug|Any CPU
		{9505C7FE-96E0-402F-B985-90A226891A37}.Release|Any CPU.ActiveCfg = Release|Any CPU
		{9505C7FE-96E0-402F-B985-90A226891A37}.Release|Any CPU.Build.0 = Release|Any CPU
		{7437830B-BB52-4D5A-8722-42EBFEB2A47E}.Debug|Any CPU.ActiveCfg = Debug|Any CPU
		{7437830B-BB52-4D5A-8722-42EBFEB2A47E}.Debug|Any CPU.Build.0 = Debug|Any CPU
		{7437830B-BB52-4D5A-8722-42EBFEB2A47E}.Release|Any CPU.ActiveCfg = Release|Any CPU
		{7437830B-BB52-4D5A-8722-42EBFEB2A47E}.Release|Any CPU.Build.0 = Release|Any CPU
		{F6FEA534-47B2-46A2-A5F2-CA05ACBF70A0}.Debug|Any CPU.ActiveCfg = Debug|Any CPU
		{F6FEA534-47B2-46A2-A5F2-CA05ACBF70A0}.Debug|Any CPU.Build.0 = Debug|Any CPU
		{F6FEA534-47B2-46A2-A5F2-CA05ACBF70A0}.Release|Any CPU.ActiveCfg = Release|Any CPU
		{F6FEA534-47B2-46A2-A5F2-CA05ACBF70A0}.Release|Any CPU.Build.0 = Release|Any CPU
		{8FAB5E29-1414-47C8-8BBB-D22AAEEDEBFC}.Debug|Any CPU.ActiveCfg = Debug|Any CPU
		{8FAB5E29-1414-47C8-8BBB-D22AAEEDEBFC}.Debug|Any CPU.Build.0 = Debug|Any CPU
		{8FAB5E29-1414-47C8-8BBB-D22AAEEDEBFC}.Release|Any CPU.ActiveCfg = Release|Any CPU
		{8FAB5E29-1414-47C8-8BBB-D22AAEEDEBFC}.Release|Any CPU.Build.0 = Release|Any CPU
	EndGlobalSection
	GlobalSection(SolutionProperties) = preSolution
		HideSolutionNode = FALSE
	EndGlobalSection
	GlobalSection(ExtensibilityGlobals) = postSolution
		SolutionGuid = {ACE86B3A-C22A-4592-9E34-DB97B9060D9C}
	EndGlobalSection
EndGlobal
