
Microsoft Visual Studio Solution File, Format Version 12.00
# Visual Studio Version 17
VisualStudioVersion = 17.3.32922.545
MinimumVisualStudioVersion = 10.0.40219.1
Project("{9A19103F-16F7-4668-BE54-9A1E7A4F7556}") = "01_02_PersonInfo", "01_02_PersonInfo\01_02_PersonInfo.csproj", "{3174AA49-820E-4D06-A58A-F952A477F724}"
EndProject
Project("{9A19103F-16F7-4668-BE54-9A1E7A4F7556}") = "03.Telephony", "03.Telephony\03.Telephony.csproj", "{71D3E736-6BBE-4277-9E99-2F867EDE99CD}"
EndProject
Project("{9A19103F-16F7-4668-BE54-9A1E7A4F7556}") = "04.BorderControl", "04.BorderControl\04.BorderControl.csproj", "{08C05EEB-CA51-4F82-B417-ED74E5CB653D}"
EndProject
Project("{9A19103F-16F7-4668-BE54-9A1E7A4F7556}") = "05.BirthdayCelebrations", "05.BirthdayCelebrations\05.BirthdayCelebrations.csproj", "{FA278A30-8A2D-4632-8CDF-6FDFD030A255}"
EndProject
Project("{FAE04EC0-301F-11D3-BF4B-00C04F79EFBC}") = "06.FoodShortage", "06.FoodShortage\06.FoodShortage.csproj", "{D87E1245-A827-4071-AB78-EFC1596FB0EC}"
EndProject
Project("{FAE04EC0-301F-11D3-BF4B-00C04F79EFBC}") = "07.MilitaryElite", "07.MilitaryElite\07.MilitaryElite.csproj", "{C8B07506-3BDC-4918-BA9C-ED6F6AB03216}"
EndProject
Global
	GlobalSection(SolutionConfigurationPlatforms) = preSolution
		Debug|Any CPU = Debug|Any CPU
		Release|Any CPU = Release|Any CPU
	EndGlobalSection
	GlobalSection(ProjectConfigurationPlatforms) = postSolution
		{3174AA49-820E-4D06-A58A-F952A477F724}.Debug|Any CPU.ActiveCfg = Debug|Any CPU
		{3174AA49-820E-4D06-A58A-F952A477F724}.Debug|Any CPU.Build.0 = Debug|Any CPU
		{3174AA49-820E-4D06-A58A-F952A477F724}.Release|Any CPU.ActiveCfg = Release|Any CPU
		{3174AA49-820E-4D06-A58A-F952A477F724}.Release|Any CPU.Build.0 = Release|Any CPU
		{71D3E736-6BBE-4277-9E99-2F867EDE99CD}.Debug|Any CPU.ActiveCfg = Debug|Any CPU
		{71D3E736-6BBE-4277-9E99-2F867EDE99CD}.Debug|Any CPU.Build.0 = Debug|Any CPU
		{71D3E736-6BBE-4277-9E99-2F867EDE99CD}.Release|Any CPU.ActiveCfg = Release|Any CPU
		{71D3E736-6BBE-4277-9E99-2F867EDE99CD}.Release|Any CPU.Build.0 = Release|Any CPU
		{08C05EEB-CA51-4F82-B417-ED74E5CB653D}.Debug|Any CPU.ActiveCfg = Debug|Any CPU
		{08C05EEB-CA51-4F82-B417-ED74E5CB653D}.Debug|Any CPU.Build.0 = Debug|Any CPU
		{08C05EEB-CA51-4F82-B417-ED74E5CB653D}.Release|Any CPU.ActiveCfg = Release|Any CPU
		{08C05EEB-CA51-4F82-B417-ED74E5CB653D}.Release|Any CPU.Build.0 = Release|Any CPU
		{FA278A30-8A2D-4632-8CDF-6FDFD030A255}.Debug|Any CPU.ActiveCfg = Debug|Any CPU
		{FA278A30-8A2D-4632-8CDF-6FDFD030A255}.Debug|Any CPU.Build.0 = Debug|Any CPU
		{FA278A30-8A2D-4632-8CDF-6FDFD030A255}.Release|Any CPU.ActiveCfg = Release|Any CPU
		{FA278A30-8A2D-4632-8CDF-6FDFD030A255}.Release|Any CPU.Build.0 = Release|Any CPU
		{D87E1245-A827-4071-AB78-EFC1596FB0EC}.Debug|Any CPU.ActiveCfg = Debug|Any CPU
		{D87E1245-A827-4071-AB78-EFC1596FB0EC}.Debug|Any CPU.Build.0 = Debug|Any CPU
		{D87E1245-A827-4071-AB78-EFC1596FB0EC}.Release|Any CPU.ActiveCfg = Release|Any CPU
		{D87E1245-A827-4071-AB78-EFC1596FB0EC}.Release|Any CPU.Build.0 = Release|Any CPU
		{C8B07506-3BDC-4918-BA9C-ED6F6AB03216}.Debug|Any CPU.ActiveCfg = Debug|Any CPU
		{C8B07506-3BDC-4918-BA9C-ED6F6AB03216}.Debug|Any CPU.Build.0 = Debug|Any CPU
		{C8B07506-3BDC-4918-BA9C-ED6F6AB03216}.Release|Any CPU.ActiveCfg = Release|Any CPU
		{C8B07506-3BDC-4918-BA9C-ED6F6AB03216}.Release|Any CPU.Build.0 = Release|Any CPU
	EndGlobalSection
	GlobalSection(SolutionProperties) = preSolution
		HideSolutionNode = FALSE
	EndGlobalSection
	GlobalSection(ExtensibilityGlobals) = postSolution
		SolutionGuid = {B17FEE9B-EF9A-4904-904E-73F9A7A677A3}
	EndGlobalSection
EndGlobal
