
Microsoft Visual Studio Solution File, Format Version 12.00
# Visual Studio Version 17
VisualStudioVersion = 17.2.32616.157
MinimumVisualStudioVersion = 10.0.40219.1
Project("{9A19103F-16F7-4668-BE54-9A1E7A4F7556}") = "01.CountCharsInAString", "01.CountCharsInAString\01.CountCharsInAString.csproj", "{005AE734-C955-4ED3-A4EB-FE8D997CCB9D}"
EndProject
Project("{9A19103F-16F7-4668-BE54-9A1E7A4F7556}") = "02.AMinerTask", "02.AMinerTask\02.AMinerTask.csproj", "{C2B1757F-973C-4A13-ADE7-1494BF21593B}"
EndProject
Project("{9A19103F-16F7-4668-BE54-9A1E7A4F7556}") = "03.LegendaryFarming", "03.LegendaryFarming\03.LegendaryFarming.csproj", "{9C9302A7-5703-4BC7-909F-DB5724A05C98}"
EndProject
Project("{9A19103F-16F7-4668-BE54-9A1E7A4F7556}") = "03.Order", "03.Order\03.Order.csproj", "{AAFD5C6A-0CA3-4896-9D61-309FF1E88518}"
EndProject
Project("{FAE04EC0-301F-11D3-BF4B-00C04F79EFBC}") = "04.SoftuniParking", "04.SoftuniParking\04.SoftuniParking.csproj", "{46A3EFEE-171F-4BEF-B39B-EA7DE50FE412}"
EndProject
Global
	GlobalSection(SolutionConfigurationPlatforms) = preSolution
		Debug|Any CPU = Debug|Any CPU
		Release|Any CPU = Release|Any CPU
	EndGlobalSection
	GlobalSection(ProjectConfigurationPlatforms) = postSolution
		{005AE734-C955-4ED3-A4EB-FE8D997CCB9D}.Debug|Any CPU.ActiveCfg = Debug|Any CPU
		{005AE734-C955-4ED3-A4EB-FE8D997CCB9D}.Debug|Any CPU.Build.0 = Debug|Any CPU
		{005AE734-C955-4ED3-A4EB-FE8D997CCB9D}.Release|Any CPU.ActiveCfg = Release|Any CPU
		{005AE734-C955-4ED3-A4EB-FE8D997CCB9D}.Release|Any CPU.Build.0 = Release|Any CPU
		{C2B1757F-973C-4A13-ADE7-1494BF21593B}.Debug|Any CPU.ActiveCfg = Debug|Any CPU
		{C2B1757F-973C-4A13-ADE7-1494BF21593B}.Debug|Any CPU.Build.0 = Debug|Any CPU
		{C2B1757F-973C-4A13-ADE7-1494BF21593B}.Release|Any CPU.ActiveCfg = Release|Any CPU
		{C2B1757F-973C-4A13-ADE7-1494BF21593B}.Release|Any CPU.Build.0 = Release|Any CPU
		{9C9302A7-5703-4BC7-909F-DB5724A05C98}.Debug|Any CPU.ActiveCfg = Debug|Any CPU
		{9C9302A7-5703-4BC7-909F-DB5724A05C98}.Debug|Any CPU.Build.0 = Debug|Any CPU
		{9C9302A7-5703-4BC7-909F-DB5724A05C98}.Release|Any CPU.ActiveCfg = Release|Any CPU
		{9C9302A7-5703-4BC7-909F-DB5724A05C98}.Release|Any CPU.Build.0 = Release|Any CPU
		{AAFD5C6A-0CA3-4896-9D61-309FF1E88518}.Debug|Any CPU.ActiveCfg = Debug|Any CPU
		{AAFD5C6A-0CA3-4896-9D61-309FF1E88518}.Debug|Any CPU.Build.0 = Debug|Any CPU
		{AAFD5C6A-0CA3-4896-9D61-309FF1E88518}.Release|Any CPU.ActiveCfg = Release|Any CPU
		{AAFD5C6A-0CA3-4896-9D61-309FF1E88518}.Release|Any CPU.Build.0 = Release|Any CPU
		{46A3EFEE-171F-4BEF-B39B-EA7DE50FE412}.Debug|Any CPU.ActiveCfg = Debug|Any CPU
		{46A3EFEE-171F-4BEF-B39B-EA7DE50FE412}.Debug|Any CPU.Build.0 = Debug|Any CPU
		{46A3EFEE-171F-4BEF-B39B-EA7DE50FE412}.Release|Any CPU.ActiveCfg = Release|Any CPU
		{46A3EFEE-171F-4BEF-B39B-EA7DE50FE412}.Release|Any CPU.Build.0 = Release|Any CPU
	EndGlobalSection
	GlobalSection(SolutionProperties) = preSolution
		HideSolutionNode = FALSE
	EndGlobalSection
	GlobalSection(ExtensibilityGlobals) = postSolution
		SolutionGuid = {14222536-2CFD-4E6D-9590-411C9F66CF14}
	EndGlobalSection
EndGlobal
