
Microsoft Visual Studio Solution File, Format Version 12.00
# Visual Studio Version 17
VisualStudioVersion = 17.3.32922.545
MinimumVisualStudioVersion = 10.0.40219.1
Project("{FAE04EC0-301F-11D3-BF4B-00C04F79EFBC}") = "02.Vilian Names", "02.Vilian Names\02.Vilian Names.csproj", "{7EAF7B2F-24C8-4002-AB44-2774512D8B51}"
EndProject
Project("{FAE04EC0-301F-11D3-BF4B-00C04F79EFBC}") = "03.Minion Names", "03.Minion Names\03.Minion Names.csproj", "{F404CCFA-19B4-44F6-8EF5-2B47EB92D7D8}"
EndProject
Global
	GlobalSection(SolutionConfigurationPlatforms) = preSolution
		Debug|Any CPU = Debug|Any CPU
		Release|Any CPU = Release|Any CPU
	EndGlobalSection
	GlobalSection(ProjectConfigurationPlatforms) = postSolution
		{7EAF7B2F-24C8-4002-AB44-2774512D8B51}.Debug|Any CPU.ActiveCfg = Debug|Any CPU
		{7EAF7B2F-24C8-4002-AB44-2774512D8B51}.Debug|Any CPU.Build.0 = Debug|Any CPU
		{7EAF7B2F-24C8-4002-AB44-2774512D8B51}.Release|Any CPU.ActiveCfg = Release|Any CPU
		{7EAF7B2F-24C8-4002-AB44-2774512D8B51}.Release|Any CPU.Build.0 = Release|Any CPU
		{F404CCFA-19B4-44F6-8EF5-2B47EB92D7D8}.Debug|Any CPU.ActiveCfg = Debug|Any CPU
		{F404CCFA-19B4-44F6-8EF5-2B47EB92D7D8}.Debug|Any CPU.Build.0 = Debug|Any CPU
		{F404CCFA-19B4-44F6-8EF5-2B47EB92D7D8}.Release|Any CPU.ActiveCfg = Release|Any CPU
		{F404CCFA-19B4-44F6-8EF5-2B47EB92D7D8}.Release|Any CPU.Build.0 = Release|Any CPU
	EndGlobalSection
	GlobalSection(SolutionProperties) = preSolution
		HideSolutionNode = FALSE
	EndGlobalSection
	GlobalSection(ExtensibilityGlobals) = postSolution
		SolutionGuid = {B5C7560B-701A-4A47-9584-C6FBB159E24F}
	EndGlobalSection
EndGlobal
