
Microsoft Visual Studio Solution File, Format Version 12.00
# Visual Studio Version 17
VisualStudioVersion = 17.3.32922.545
MinimumVisualStudioVersion = 10.0.40219.1
Project("{9A19103F-16F7-4668-BE54-9A1E7A4F7556}") = "Skeleton", "Skeleton\Skeleton.csproj", "{AB1BF0FD-7B63-4E45-96F6-A14F11ED6E28}"
EndProject
Project("{9A19103F-16F7-4668-BE54-9A1E7A4F7556}") = "Skeleton.Tests", "Skeleton.Tests\Skeleton.Tests.csproj", "{BB332741-ED04-4C59-9F8A-9684BAEF180D}"
EndProject
Global
	GlobalSection(SolutionConfigurationPlatforms) = preSolution
		Debug|Any CPU = Debug|Any CPU
		Release|Any CPU = Release|Any CPU
	EndGlobalSection
	GlobalSection(ProjectConfigurationPlatforms) = postSolution
		{AB1BF0FD-7B63-4E45-96F6-A14F11ED6E28}.Debug|Any CPU.ActiveCfg = Debug|Any CPU
		{AB1BF0FD-7B63-4E45-96F6-A14F11ED6E28}.Debug|Any CPU.Build.0 = Debug|Any CPU
		{AB1BF0FD-7B63-4E45-96F6-A14F11ED6E28}.Release|Any CPU.ActiveCfg = Release|Any CPU
		{AB1BF0FD-7B63-4E45-96F6-A14F11ED6E28}.Release|Any CPU.Build.0 = Release|Any CPU
		{BB332741-ED04-4C59-9F8A-9684BAEF180D}.Debug|Any CPU.ActiveCfg = Debug|Any CPU
		{BB332741-ED04-4C59-9F8A-9684BAEF180D}.Debug|Any CPU.Build.0 = Debug|Any CPU
		{BB332741-ED04-4C59-9F8A-9684BAEF180D}.Release|Any CPU.ActiveCfg = Release|Any CPU
		{BB332741-ED04-4C59-9F8A-9684BAEF180D}.Release|Any CPU.Build.0 = Release|Any CPU
	EndGlobalSection
	GlobalSection(SolutionProperties) = preSolution
		HideSolutionNode = FALSE
	EndGlobalSection
	GlobalSection(ExtensibilityGlobals) = postSolution
		SolutionGuid = {572ECAD6-A975-4BDF-B641-F7C26B81A026}
	EndGlobalSection
EndGlobal
