
Microsoft Visual Studio Solution File, Format Version 12.00
# Visual Studio Version 16
VisualStudioVersion = 16.0.31911.196
MinimumVisualStudioVersion = 10.0.40219.1
Project("{9A19103F-16F7-4668-BE54-9A1E7A4F7556}") = "01.Ages", "01.Ages\01.Ages.csproj", "{234F6601-AA10-43A6-8A4C-B2286EB57C15}"
EndProject
Project("{9A19103F-16F7-4668-BE54-9A1E7A4F7556}") = "02.Division", "02.Division\02.Division.csproj", "{E494DF04-C602-42B8-ABCD-52B050B54A91}"
EndProject
Project("{9A19103F-16F7-4668-BE54-9A1E7A4F7556}") = "03.Vacation", "03.Vacation\03.Vacation.csproj", "{DA4BF8A9-7B90-45CC-A442-93794819BDC0}"
EndProject
Project("{9A19103F-16F7-4668-BE54-9A1E7A4F7556}") = "04.PrintAndSum", "04.PrintAndSum\04.PrintAndSum.csproj", "{F7F9DBB1-EB47-4B14-8970-CE9D8B73EE59}"
EndProject
Project("{9A19103F-16F7-4668-BE54-9A1E7A4F7556}") = "05.Login", "05.Login\05.Login.csproj", "{DCFD9A2C-B8BF-4EB2-B152-4E84FBAEE2FD}"
EndProject
Project("{9A19103F-16F7-4668-BE54-9A1E7A4F7556}") = "06.StrongNumber", "06.StrongNumber\06.StrongNumber.csproj", "{0BCA1E42-C309-4567-98DA-FFAA1C265753}"
EndProject
Project("{9A19103F-16F7-4668-BE54-9A1E7A4F7556}") = "07.VendingMachine", "07.VendingMachine\07.VendingMachine.csproj", "{0D7FE64C-994A-4B87-86E3-87B9117AD30A}"
EndProject
Project("{9A19103F-16F7-4668-BE54-9A1E7A4F7556}") = "08.TriangleOfNumbers", "08.TriangleOfNumbers\08.TriangleOfNumbers.csproj", "{F481EE06-C777-4311-B899-AD3C299D474A}"
EndProject
Project("{9A19103F-16F7-4668-BE54-9A1E7A4F7556}") = "09.Padawan", "09.Padawan\09.Padawan.csproj", "{3CC868FD-43F7-43FE-8DFF-D0E64747440F}"
EndProject
Project("{9A19103F-16F7-4668-BE54-9A1E7A4F7556}") = "10.RageExpenses", "10.RageExpenses\10.RageExpenses.csproj", "{41E71876-0DC2-4B30-B314-C3E5CA0C11E9}"
EndProject
Project("{FAE04EC0-301F-11D3-BF4B-00C04F79EFBC}") = "11.Orders", "11.Orders\11.Orders.csproj", "{C34171FA-F3CA-4387-80E8-551F1656AA02}"
EndProject
Global
	GlobalSection(SolutionConfigurationPlatforms) = preSolution
		Debug|Any CPU = Debug|Any CPU
		Release|Any CPU = Release|Any CPU
	EndGlobalSection
	GlobalSection(ProjectConfigurationPlatforms) = postSolution
		{234F6601-AA10-43A6-8A4C-B2286EB57C15}.Debug|Any CPU.ActiveCfg = Debug|Any CPU
		{234F6601-AA10-43A6-8A4C-B2286EB57C15}.Debug|Any CPU.Build.0 = Debug|Any CPU
		{234F6601-AA10-43A6-8A4C-B2286EB57C15}.Release|Any CPU.ActiveCfg = Release|Any CPU
		{234F6601-AA10-43A6-8A4C-B2286EB57C15}.Release|Any CPU.Build.0 = Release|Any CPU
		{E494DF04-C602-42B8-ABCD-52B050B54A91}.Debug|Any CPU.ActiveCfg = Debug|Any CPU
		{E494DF04-C602-42B8-ABCD-52B050B54A91}.Debug|Any CPU.Build.0 = Debug|Any CPU
		{E494DF04-C602-42B8-ABCD-52B050B54A91}.Release|Any CPU.ActiveCfg = Release|Any CPU
		{E494DF04-C602-42B8-ABCD-52B050B54A91}.Release|Any CPU.Build.0 = Release|Any CPU
		{DA4BF8A9-7B90-45CC-A442-93794819BDC0}.Debug|Any CPU.ActiveCfg = Debug|Any CPU
		{DA4BF8A9-7B90-45CC-A442-93794819BDC0}.Debug|Any CPU.Build.0 = Debug|Any CPU
		{DA4BF8A9-7B90-45CC-A442-93794819BDC0}.Release|Any CPU.ActiveCfg = Release|Any CPU
		{DA4BF8A9-7B90-45CC-A442-93794819BDC0}.Release|Any CPU.Build.0 = Release|Any CPU
		{F7F9DBB1-EB47-4B14-8970-CE9D8B73EE59}.Debug|Any CPU.ActiveCfg = Debug|Any CPU
		{F7F9DBB1-EB47-4B14-8970-CE9D8B73EE59}.Debug|Any CPU.Build.0 = Debug|Any CPU
		{F7F9DBB1-EB47-4B14-8970-CE9D8B73EE59}.Release|Any CPU.ActiveCfg = Release|Any CPU
		{F7F9DBB1-EB47-4B14-8970-CE9D8B73EE59}.Release|Any CPU.Build.0 = Release|Any CPU
		{DCFD9A2C-B8BF-4EB2-B152-4E84FBAEE2FD}.Debug|Any CPU.ActiveCfg = Debug|Any CPU
		{DCFD9A2C-B8BF-4EB2-B152-4E84FBAEE2FD}.Debug|Any CPU.Build.0 = Debug|Any CPU
		{DCFD9A2C-B8BF-4EB2-B152-4E84FBAEE2FD}.Release|Any CPU.ActiveCfg = Release|Any CPU
		{DCFD9A2C-B8BF-4EB2-B152-4E84FBAEE2FD}.Release|Any CPU.Build.0 = Release|Any CPU
		{0BCA1E42-C309-4567-98DA-FFAA1C265753}.Debug|Any CPU.ActiveCfg = Debug|Any CPU
		{0BCA1E42-C309-4567-98DA-FFAA1C265753}.Debug|Any CPU.Build.0 = Debug|Any CPU
		{0BCA1E42-C309-4567-98DA-FFAA1C265753}.Release|Any CPU.ActiveCfg = Release|Any CPU
		{0BCA1E42-C309-4567-98DA-FFAA1C265753}.Release|Any CPU.Build.0 = Release|Any CPU
		{0D7FE64C-994A-4B87-86E3-87B9117AD30A}.Debug|Any CPU.ActiveCfg = Debug|Any CPU
		{0D7FE64C-994A-4B87-86E3-87B9117AD30A}.Debug|Any CPU.Build.0 = Debug|Any CPU
		{0D7FE64C-994A-4B87-86E3-87B9117AD30A}.Release|Any CPU.ActiveCfg = Release|Any CPU
		{0D7FE64C-994A-4B87-86E3-87B9117AD30A}.Release|Any CPU.Build.0 = Release|Any CPU
		{F481EE06-C777-4311-B899-AD3C299D474A}.Debug|Any CPU.ActiveCfg = Debug|Any CPU
		{F481EE06-C777-4311-B899-AD3C299D474A}.Debug|Any CPU.Build.0 = Debug|Any CPU
		{F481EE06-C777-4311-B899-AD3C299D474A}.Release|Any CPU.ActiveCfg = Release|Any CPU
		{F481EE06-C777-4311-B899-AD3C299D474A}.Release|Any CPU.Build.0 = Release|Any CPU
		{3CC868FD-43F7-43FE-8DFF-D0E64747440F}.Debug|Any CPU.ActiveCfg = Debug|Any CPU
		{3CC868FD-43F7-43FE-8DFF-D0E64747440F}.Debug|Any CPU.Build.0 = Debug|Any CPU
		{3CC868FD-43F7-43FE-8DFF-D0E64747440F}.Release|Any CPU.ActiveCfg = Release|Any CPU
		{3CC868FD-43F7-43FE-8DFF-D0E64747440F}.Release|Any CPU.Build.0 = Release|Any CPU
		{41E71876-0DC2-4B30-B314-C3E5CA0C11E9}.Debug|Any CPU.ActiveCfg = Debug|Any CPU
		{41E71876-0DC2-4B30-B314-C3E5CA0C11E9}.Debug|Any CPU.Build.0 = Debug|Any CPU
		{41E71876-0DC2-4B30-B314-C3E5CA0C11E9}.Release|Any CPU.ActiveCfg = Release|Any CPU
		{41E71876-0DC2-4B30-B314-C3E5CA0C11E9}.Release|Any CPU.Build.0 = Release|Any CPU
		{C34171FA-F3CA-4387-80E8-551F1656AA02}.Debug|Any CPU.ActiveCfg = Debug|Any CPU
		{C34171FA-F3CA-4387-80E8-551F1656AA02}.Debug|Any CPU.Build.0 = Debug|Any CPU
		{C34171FA-F3CA-4387-80E8-551F1656AA02}.Release|Any CPU.ActiveCfg = Release|Any CPU
		{C34171FA-F3CA-4387-80E8-551F1656AA02}.Release|Any CPU.Build.0 = Release|Any CPU
	EndGlobalSection
	GlobalSection(SolutionProperties) = preSolution
		HideSolutionNode = FALSE
	EndGlobalSection
	GlobalSection(ExtensibilityGlobals) = postSolution
		SolutionGuid = {06C957E3-C4A3-461B-94F8-71C0D50A9137}
	EndGlobalSection
EndGlobal
