
Microsoft Visual Studio Solution File, Format Version 12.00
# Visual Studio Version 17
VisualStudioVersion = 17.3.32922.545
MinimumVisualStudioVersion = 10.0.40219.1
Project("{FAE04EC0-301F-11D3-BF4B-00C04F79EFBC}") = "01.Shapes", "01.Shapes\01.Shapes.csproj", "{3C14993C-7F79-4561-9ABF-EBDCF556CF3B}"
EndProject
Project("{FAE04EC0-301F-11D3-BF4B-00C04F79EFBC}") = "02.Car", "02.Car\02.Car.csproj", "{1416E930-3511-49E7-9FE5-8FBC81370C14}"
EndProject
Global
	GlobalSection(SolutionConfigurationPlatforms) = preSolution
		Debug|Any CPU = Debug|Any CPU
		Release|Any CPU = Release|Any CPU
	EndGlobalSection
	GlobalSection(ProjectConfigurationPlatforms) = postSolution
		{3C14993C-7F79-4561-9ABF-EBDCF556CF3B}.Debug|Any CPU.ActiveCfg = Debug|Any CPU
		{3C14993C-7F79-4561-9ABF-EBDCF556CF3B}.Debug|Any CPU.Build.0 = Debug|Any CPU
		{3C14993C-7F79-4561-9ABF-EBDCF556CF3B}.Release|Any CPU.ActiveCfg = Release|Any CPU
		{3C14993C-7F79-4561-9ABF-EBDCF556CF3B}.Release|Any CPU.Build.0 = Release|Any CPU
		{1416E930-3511-49E7-9FE5-8FBC81370C14}.Debug|Any CPU.ActiveCfg = Debug|Any CPU
		{1416E930-3511-49E7-9FE5-8FBC81370C14}.Debug|Any CPU.Build.0 = Debug|Any CPU
		{1416E930-3511-49E7-9FE5-8FBC81370C14}.Release|Any CPU.ActiveCfg = Release|Any CPU
		{1416E930-3511-49E7-9FE5-8FBC81370C14}.Release|Any CPU.Build.0 = Release|Any CPU
	EndGlobalSection
	GlobalSection(SolutionProperties) = preSolution
		HideSolutionNode = FALSE
	EndGlobalSection
	GlobalSection(ExtensibilityGlobals) = postSolution
		SolutionGuid = {0AEEA372-03B6-4F7F-8D56-C9011FBC87D0}
	EndGlobalSection
EndGlobal
