
Microsoft Visual Studio Solution File, Format Version 12.00
# Visual Studio Version 16
VisualStudioVersion = 16.0.31911.196
MinimumVisualStudioVersion = 10.0.40219.1
Project("{9A19103F-16F7-4668-BE54-9A1E7A4F7556}") = "01.SmallestOfThreeNumbers", "01.SmallestOfThreeNumbers\01.SmallestOfThreeNumbers.csproj", "{E203500B-25BA-4F1D-9177-091A96CB6678}"
EndProject
Project("{9A19103F-16F7-4668-BE54-9A1E7A4F7556}") = "02.VowelsCount", "02.VowelsCount\02.VowelsCount.csproj", "{9EFD8BE7-B49E-4D74-9651-A30D6C35494A}"
EndProject
Project("{9A19103F-16F7-4668-BE54-9A1E7A4F7556}") = "03.CharactersInRange", "03.CharactersInRange\03.CharactersInRange.csproj", "{A992C6AB-A684-49F0-8C79-67CD7E667C42}"
EndProject
Project("{9A19103F-16F7-4668-BE54-9A1E7A4F7556}") = "04.PasswordValidator", "04.PasswordValidator\04.PasswordValidator.csproj", "{44E9F888-40D1-4763-A7DD-D19B52F5FE7B}"
EndProject
Project("{9A19103F-16F7-4668-BE54-9A1E7A4F7556}") = "05.AddAndSubtract", "05.AddAndSubtract\05.AddAndSubtract.csproj", "{7F114616-2D2C-4C31-A4CD-A72C220F6C56}"
EndProject
Project("{FAE04EC0-301F-11D3-BF4B-00C04F79EFBC}") = "06.MiddleCharacters", "06.MiddleCharacters\06.MiddleCharacters.csproj", "{A17FD83A-A41D-4E04-A682-6DFA029112DC}"
EndProject
Project("{FAE04EC0-301F-11D3-BF4B-00C04F79EFBC}") = "07.NxN_Matrix", "07.NxN_Matrix\07.NxN_Matrix.csproj", "{5D761566-A927-408B-AA5A-A1711EB30E0D}"
EndProject
Project("{FAE04EC0-301F-11D3-BF4B-00C04F79EFBC}") = "08.FactorialDivision", "08.FactorialDivision\08.FactorialDivision.csproj", "{646E81D1-387E-4179-8284-11106483240B}"
EndProject
Global
	GlobalSection(SolutionConfigurationPlatforms) = preSolution
		Debug|Any CPU = Debug|Any CPU
		Release|Any CPU = Release|Any CPU
	EndGlobalSection
	GlobalSection(ProjectConfigurationPlatforms) = postSolution
		{E203500B-25BA-4F1D-9177-091A96CB6678}.Debug|Any CPU.ActiveCfg = Debug|Any CPU
		{E203500B-25BA-4F1D-9177-091A96CB6678}.Debug|Any CPU.Build.0 = Debug|Any CPU
		{E203500B-25BA-4F1D-9177-091A96CB6678}.Release|Any CPU.ActiveCfg = Release|Any CPU
		{E203500B-25BA-4F1D-9177-091A96CB6678}.Release|Any CPU.Build.0 = Release|Any CPU
		{9EFD8BE7-B49E-4D74-9651-A30D6C35494A}.Debug|Any CPU.ActiveCfg = Debug|Any CPU
		{9EFD8BE7-B49E-4D74-9651-A30D6C35494A}.Debug|Any CPU.Build.0 = Debug|Any CPU
		{9EFD8BE7-B49E-4D74-9651-A30D6C35494A}.Release|Any CPU.ActiveCfg = Release|Any CPU
		{9EFD8BE7-B49E-4D74-9651-A30D6C35494A}.Release|Any CPU.Build.0 = Release|Any CPU
		{A992C6AB-A684-49F0-8C79-67CD7E667C42}.Debug|Any CPU.ActiveCfg = Debug|Any CPU
		{A992C6AB-A684-49F0-8C79-67CD7E667C42}.Debug|Any CPU.Build.0 = Debug|Any CPU
		{A992C6AB-A684-49F0-8C79-67CD7E667C42}.Release|Any CPU.ActiveCfg = Release|Any CPU
		{A992C6AB-A684-49F0-8C79-67CD7E667C42}.Release|Any CPU.Build.0 = Release|Any CPU
		{44E9F888-40D1-4763-A7DD-D19B52F5FE7B}.Debug|Any CPU.ActiveCfg = Debug|Any CPU
		{44E9F888-40D1-4763-A7DD-D19B52F5FE7B}.Debug|Any CPU.Build.0 = Debug|Any CPU
		{44E9F888-40D1-4763-A7DD-D19B52F5FE7B}.Release|Any CPU.ActiveCfg = Release|Any CPU
		{44E9F888-40D1-4763-A7DD-D19B52F5FE7B}.Release|Any CPU.Build.0 = Release|Any CPU
		{7F114616-2D2C-4C31-A4CD-A72C220F6C56}.Debug|Any CPU.ActiveCfg = Debug|Any CPU
		{7F114616-2D2C-4C31-A4CD-A72C220F6C56}.Debug|Any CPU.Build.0 = Debug|Any CPU
		{7F114616-2D2C-4C31-A4CD-A72C220F6C56}.Release|Any CPU.ActiveCfg = Release|Any CPU
		{7F114616-2D2C-4C31-A4CD-A72C220F6C56}.Release|Any CPU.Build.0 = Release|Any CPU
		{A17FD83A-A41D-4E04-A682-6DFA029112DC}.Debug|Any CPU.ActiveCfg = Debug|Any CPU
		{A17FD83A-A41D-4E04-A682-6DFA029112DC}.Debug|Any CPU.Build.0 = Debug|Any CPU
		{A17FD83A-A41D-4E04-A682-6DFA029112DC}.Release|Any CPU.ActiveCfg = Release|Any CPU
		{A17FD83A-A41D-4E04-A682-6DFA029112DC}.Release|Any CPU.Build.0 = Release|Any CPU
		{5D761566-A927-408B-AA5A-A1711EB30E0D}.Debug|Any CPU.ActiveCfg = Debug|Any CPU
		{5D761566-A927-408B-AA5A-A1711EB30E0D}.Debug|Any CPU.Build.0 = Debug|Any CPU
		{5D761566-A927-408B-AA5A-A1711EB30E0D}.Release|Any CPU.ActiveCfg = Release|Any CPU
		{5D761566-A927-408B-AA5A-A1711EB30E0D}.Release|Any CPU.Build.0 = Release|Any CPU
		{646E81D1-387E-4179-8284-11106483240B}.Debug|Any CPU.ActiveCfg = Debug|Any CPU
		{646E81D1-387E-4179-8284-11106483240B}.Debug|Any CPU.Build.0 = Debug|Any CPU
		{646E81D1-387E-4179-8284-11106483240B}.Release|Any CPU.ActiveCfg = Release|Any CPU
		{646E81D1-387E-4179-8284-11106483240B}.Release|Any CPU.Build.0 = Release|Any CPU
	EndGlobalSection
	GlobalSection(SolutionProperties) = preSolution
		HideSolutionNode = FALSE
	EndGlobalSection
	GlobalSection(ExtensibilityGlobals) = postSolution
		SolutionGuid = {A63D5CC2-AFCD-4C8D-BE0F-590151C1DD01}
	EndGlobalSection
EndGlobal
