
Microsoft Visual Studio Solution File, Format Version 12.00
# Visual Studio Version 16
VisualStudioVersion = 16.0.31911.196
MinimumVisualStudioVersion = 10.0.40219.1
Project("{9A19103F-16F7-4668-BE54-9A1E7A4F7556}") = "01.SignOfIntegerNumbers", "01.SignOfIntegerNumbers\01.SignOfIntegerNumbers.csproj", "{DB531929-70E6-472F-AAFB-E1EA06795DA4}"
EndProject
Project("{9A19103F-16F7-4668-BE54-9A1E7A4F7556}") = "02.Grades", "02.Grades\02.Grades.csproj", "{5A2E0EBC-CD19-4489-AA6D-AEA60DE69EEE}"
EndProject
Project("{9A19103F-16F7-4668-BE54-9A1E7A4F7556}") = "03.Calculations", "03.Calculations\03.Calculations.csproj", "{60AA9F8B-015D-4DD6-86EB-0C9E79A391A8}"
EndProject
Project("{FAE04EC0-301F-11D3-BF4B-00C04F79EFBC}") = "04.PrintingTriangle", "04.PrintingTriangle\04.PrintingTriangle.csproj", "{30936DC7-60D8-4DB6-AEB5-F2A8692E3013}"
EndProject
Project("{FAE04EC0-301F-11D3-BF4B-00C04F79EFBC}") = "05.Orders", "05.Orders\05.Orders.csproj", "{FA670FD8-0E1F-4B3B-9D75-19379DD2075A}"
EndProject
Project("{FAE04EC0-301F-11D3-BF4B-00C04F79EFBC}") = "06.CalculateRectangleArea", "06.CalculateRectangleArea\06.CalculateRectangleArea.csproj", "{74CCC553-B403-4717-B928-D609980271DD}"
EndProject
Project("{FAE04EC0-301F-11D3-BF4B-00C04F79EFBC}") = "07.RepeatString", "07.RepeatString\07.RepeatString.csproj", "{7485EA6E-C020-4961-96F3-82DDCD1B8805}"
EndProject
Project("{FAE04EC0-301F-11D3-BF4B-00C04F79EFBC}") = "08.MathPower", "08.MathPower\08.MathPower.csproj", "{73B4730F-E0CA-4C95-B988-1709D3E3457E}"
EndProject
Project("{FAE04EC0-301F-11D3-BF4B-00C04F79EFBC}") = "09.GreaterOfTwoValues", "09.GreaterOfTwoValues\09.GreaterOfTwoValues.csproj", "{36038350-DD11-44BB-88D3-04745A0ACAFC}"
EndProject
Global
	GlobalSection(SolutionConfigurationPlatforms) = preSolution
		Debug|Any CPU = Debug|Any CPU
		Release|Any CPU = Release|Any CPU
	EndGlobalSection
	GlobalSection(ProjectConfigurationPlatforms) = postSolution
		{DB531929-70E6-472F-AAFB-E1EA06795DA4}.Debug|Any CPU.ActiveCfg = Debug|Any CPU
		{DB531929-70E6-472F-AAFB-E1EA06795DA4}.Debug|Any CPU.Build.0 = Debug|Any CPU
		{DB531929-70E6-472F-AAFB-E1EA06795DA4}.Release|Any CPU.ActiveCfg = Release|Any CPU
		{DB531929-70E6-472F-AAFB-E1EA06795DA4}.Release|Any CPU.Build.0 = Release|Any CPU
		{5A2E0EBC-CD19-4489-AA6D-AEA60DE69EEE}.Debug|Any CPU.ActiveCfg = Debug|Any CPU
		{5A2E0EBC-CD19-4489-AA6D-AEA60DE69EEE}.Debug|Any CPU.Build.0 = Debug|Any CPU
		{5A2E0EBC-CD19-4489-AA6D-AEA60DE69EEE}.Release|Any CPU.ActiveCfg = Release|Any CPU
		{5A2E0EBC-CD19-4489-AA6D-AEA60DE69EEE}.Release|Any CPU.Build.0 = Release|Any CPU
		{60AA9F8B-015D-4DD6-86EB-0C9E79A391A8}.Debug|Any CPU.ActiveCfg = Debug|Any CPU
		{60AA9F8B-015D-4DD6-86EB-0C9E79A391A8}.Debug|Any CPU.Build.0 = Debug|Any CPU
		{60AA9F8B-015D-4DD6-86EB-0C9E79A391A8}.Release|Any CPU.ActiveCfg = Release|Any CPU
		{60AA9F8B-015D-4DD6-86EB-0C9E79A391A8}.Release|Any CPU.Build.0 = Release|Any CPU
		{30936DC7-60D8-4DB6-AEB5-F2A8692E3013}.Debug|Any CPU.ActiveCfg = Debug|Any CPU
		{30936DC7-60D8-4DB6-AEB5-F2A8692E3013}.Debug|Any CPU.Build.0 = Debug|Any CPU
		{30936DC7-60D8-4DB6-AEB5-F2A8692E3013}.Release|Any CPU.ActiveCfg = Release|Any CPU
		{30936DC7-60D8-4DB6-AEB5-F2A8692E3013}.Release|Any CPU.Build.0 = Release|Any CPU
		{FA670FD8-0E1F-4B3B-9D75-19379DD2075A}.Debug|Any CPU.ActiveCfg = Debug|Any CPU
		{FA670FD8-0E1F-4B3B-9D75-19379DD2075A}.Debug|Any CPU.Build.0 = Debug|Any CPU
		{FA670FD8-0E1F-4B3B-9D75-19379DD2075A}.Release|Any CPU.ActiveCfg = Release|Any CPU
		{FA670FD8-0E1F-4B3B-9D75-19379DD2075A}.Release|Any CPU.Build.0 = Release|Any CPU
		{74CCC553-B403-4717-B928-D609980271DD}.Debug|Any CPU.ActiveCfg = Debug|Any CPU
		{74CCC553-B403-4717-B928-D609980271DD}.Debug|Any CPU.Build.0 = Debug|Any CPU
		{74CCC553-B403-4717-B928-D609980271DD}.Release|Any CPU.ActiveCfg = Release|Any CPU
		{74CCC553-B403-4717-B928-D609980271DD}.Release|Any CPU.Build.0 = Release|Any CPU
		{7485EA6E-C020-4961-96F3-82DDCD1B8805}.Debug|Any CPU.ActiveCfg = Debug|Any CPU
		{7485EA6E-C020-4961-96F3-82DDCD1B8805}.Debug|Any CPU.Build.0 = Debug|Any CPU
		{7485EA6E-C020-4961-96F3-82DDCD1B8805}.Release|Any CPU.ActiveCfg = Release|Any CPU
		{7485EA6E-C020-4961-96F3-82DDCD1B8805}.Release|Any CPU.Build.0 = Release|Any CPU
		{73B4730F-E0CA-4C95-B988-1709D3E3457E}.Debug|Any CPU.ActiveCfg = Debug|Any CPU
		{73B4730F-E0CA-4C95-B988-1709D3E3457E}.Debug|Any CPU.Build.0 = Debug|Any CPU
		{73B4730F-E0CA-4C95-B988-1709D3E3457E}.Release|Any CPU.ActiveCfg = Release|Any CPU
		{73B4730F-E0CA-4C95-B988-1709D3E3457E}.Release|Any CPU.Build.0 = Release|Any CPU
		{36038350-DD11-44BB-88D3-04745A0ACAFC}.Debug|Any CPU.ActiveCfg = Debug|Any CPU
		{36038350-DD11-44BB-88D3-04745A0ACAFC}.Debug|Any CPU.Build.0 = Debug|Any CPU
		{36038350-DD11-44BB-88D3-04745A0ACAFC}.Release|Any CPU.ActiveCfg = Release|Any CPU
		{36038350-DD11-44BB-88D3-04745A0ACAFC}.Release|Any CPU.Build.0 = Release|Any CPU
	EndGlobalSection
	GlobalSection(SolutionProperties) = preSolution
		HideSolutionNode = FALSE
	EndGlobalSection
	GlobalSection(ExtensibilityGlobals) = postSolution
		SolutionGuid = {284C6AAA-87BA-4A5C-9A0F-29FF4E0771F8}
	EndGlobalSection
EndGlobal
