
Microsoft Visual Studio Solution File, Format Version 12.00
# Visual Studio Version 17
VisualStudioVersion = 17.3.32922.545
MinimumVisualStudioVersion = 10.0.40219.1
Project("{FAE04EC0-301F-11D3-BF4B-00C04F79EFBC}") = "Farm", "Farm\Farm.csproj", "{6FDED036-7D09-4DBD-AEBD-A34B82827620}"
EndProject
Project("{FAE04EC0-301F-11D3-BF4B-00C04F79EFBC}") = "CustomRandomList", "CustomRandomList\CustomRandomList.csproj", "{A8424C20-5549-4F36-9AA5-DAD9AF745F83}"
EndProject
Project("{FAE04EC0-301F-11D3-BF4B-00C04F79EFBC}") = "CustomStack", "CustomStack\CustomStack.csproj", "{42FF9A92-5E6E-4AD4-9E5A-788EE860ADB5}"
EndProject
Global
	GlobalSection(SolutionConfigurationPlatforms) = preSolution
		Debug|Any CPU = Debug|Any CPU
		Release|Any CPU = Release|Any CPU
	EndGlobalSection
	GlobalSection(ProjectConfigurationPlatforms) = postSolution
		{6FDED036-7D09-4DBD-AEBD-A34B82827620}.Debug|Any CPU.ActiveCfg = Debug|Any CPU
		{6FDED036-7D09-4DBD-AEBD-A34B82827620}.Debug|Any CPU.Build.0 = Debug|Any CPU
		{6FDED036-7D09-4DBD-AEBD-A34B82827620}.Release|Any CPU.ActiveCfg = Release|Any CPU
		{6FDED036-7D09-4DBD-AEBD-A34B82827620}.Release|Any CPU.Build.0 = Release|Any CPU
		{A8424C20-5549-4F36-9AA5-DAD9AF745F83}.Debug|Any CPU.ActiveCfg = Debug|Any CPU
		{A8424C20-5549-4F36-9AA5-DAD9AF745F83}.Debug|Any CPU.Build.0 = Debug|Any CPU
		{A8424C20-5549-4F36-9AA5-DAD9AF745F83}.Release|Any CPU.ActiveCfg = Release|Any CPU
		{A8424C20-5549-4F36-9AA5-DAD9AF745F83}.Release|Any CPU.Build.0 = Release|Any CPU
		{42FF9A92-5E6E-4AD4-9E5A-788EE860ADB5}.Debug|Any CPU.ActiveCfg = Debug|Any CPU
		{42FF9A92-5E6E-4AD4-9E5A-788EE860ADB5}.Debug|Any CPU.Build.0 = Debug|Any CPU
		{42FF9A92-5E6E-4AD4-9E5A-788EE860ADB5}.Release|Any CPU.ActiveCfg = Release|Any CPU
		{42FF9A92-5E6E-4AD4-9E5A-788EE860ADB5}.Release|Any CPU.Build.0 = Release|Any CPU
	EndGlobalSection
	GlobalSection(SolutionProperties) = preSolution
		HideSolutionNode = FALSE
	EndGlobalSection
	GlobalSection(ExtensibilityGlobals) = postSolution
		SolutionGuid = {FAF2606D-AA95-498B-AF7B-877CEBA4FE5A}
	EndGlobalSection
EndGlobal
