
Microsoft Visual Studio Solution File, Format Version 12.00
# Visual Studio Version 17
VisualStudioVersion = 17.2.32616.157
MinimumVisualStudioVersion = 10.0.40219.1
Project("{9A19103F-16F7-4668-BE54-9A1E7A4F7556}") = "01.ReverseAString", "01.ReverseAString\01.ReverseAString.csproj", "{9EB4D6C4-73D2-473B-A9D9-13520B805C47}"
EndProject
Project("{9A19103F-16F7-4668-BE54-9A1E7A4F7556}") = "02.StackSum", "02.StackSum\02.StackSum.csproj", "{1F1658A2-E692-4A19-8103-07253C2F4837}"
EndProject
Project("{9A19103F-16F7-4668-BE54-9A1E7A4F7556}") = "03.SimpleCalculator", "03.SimpleCalculator\03.SimpleCalculator.csproj", "{39A317C5-0702-4B05-9222-F6F894FF4EE5}"
EndProject
Project("{9A19103F-16F7-4668-BE54-9A1E7A4F7556}") = "04.MatchingBrackets", "04.MatchingBrackets\04.MatchingBrackets.csproj", "{ABAB7DE2-9A28-4D39-A368-2AC75C2A6634}"
EndProject
Project("{9A19103F-16F7-4668-BE54-9A1E7A4F7556}") = "05.PrintEvenNumbers", "05.PrintEvenNumbers\05.PrintEvenNumbers.csproj", "{B45E5272-CE71-4F2F-8B7C-F8398EA7D383}"
EndProject
Project("{9A19103F-16F7-4668-BE54-9A1E7A4F7556}") = "06.Supermarket", "06.Supermarket\06.Supermarket.csproj", "{5E6EE0A3-8698-470B-83CA-F09C5D4D7C89}"
EndProject
Project("{9A19103F-16F7-4668-BE54-9A1E7A4F7556}") = "07.HotPotato", "07.HotPotato\07.HotPotato.csproj", "{7C536B17-F8B9-46E0-84F2-4D8C9B2AC5C4}"
EndProject
Project("{FAE04EC0-301F-11D3-BF4B-00C04F79EFBC}") = "08.TrafficJam", "08.TrafficJam\08.TrafficJam.csproj", "{D4A67C15-484F-4EF4-AE56-584D236DD200}"
EndProject
Global
	GlobalSection(SolutionConfigurationPlatforms) = preSolution
		Debug|Any CPU = Debug|Any CPU
		Release|Any CPU = Release|Any CPU
	EndGlobalSection
	GlobalSection(ProjectConfigurationPlatforms) = postSolution
		{9EB4D6C4-73D2-473B-A9D9-13520B805C47}.Debug|Any CPU.ActiveCfg = Debug|Any CPU
		{9EB4D6C4-73D2-473B-A9D9-13520B805C47}.Debug|Any CPU.Build.0 = Debug|Any CPU
		{9EB4D6C4-73D2-473B-A9D9-13520B805C47}.Release|Any CPU.ActiveCfg = Release|Any CPU
		{9EB4D6C4-73D2-473B-A9D9-13520B805C47}.Release|Any CPU.Build.0 = Release|Any CPU
		{1F1658A2-E692-4A19-8103-07253C2F4837}.Debug|Any CPU.ActiveCfg = Debug|Any CPU
		{1F1658A2-E692-4A19-8103-07253C2F4837}.Debug|Any CPU.Build.0 = Debug|Any CPU
		{1F1658A2-E692-4A19-8103-07253C2F4837}.Release|Any CPU.ActiveCfg = Release|Any CPU
		{1F1658A2-E692-4A19-8103-07253C2F4837}.Release|Any CPU.Build.0 = Release|Any CPU
		{39A317C5-0702-4B05-9222-F6F894FF4EE5}.Debug|Any CPU.ActiveCfg = Debug|Any CPU
		{39A317C5-0702-4B05-9222-F6F894FF4EE5}.Debug|Any CPU.Build.0 = Debug|Any CPU
		{39A317C5-0702-4B05-9222-F6F894FF4EE5}.Release|Any CPU.ActiveCfg = Release|Any CPU
		{39A317C5-0702-4B05-9222-F6F894FF4EE5}.Release|Any CPU.Build.0 = Release|Any CPU
		{ABAB7DE2-9A28-4D39-A368-2AC75C2A6634}.Debug|Any CPU.ActiveCfg = Debug|Any CPU
		{ABAB7DE2-9A28-4D39-A368-2AC75C2A6634}.Debug|Any CPU.Build.0 = Debug|Any CPU
		{ABAB7DE2-9A28-4D39-A368-2AC75C2A6634}.Release|Any CPU.ActiveCfg = Release|Any CPU
		{ABAB7DE2-9A28-4D39-A368-2AC75C2A6634}.Release|Any CPU.Build.0 = Release|Any CPU
		{B45E5272-CE71-4F2F-8B7C-F8398EA7D383}.Debug|Any CPU.ActiveCfg = Debug|Any CPU
		{B45E5272-CE71-4F2F-8B7C-F8398EA7D383}.Debug|Any CPU.Build.0 = Debug|Any CPU
		{B45E5272-CE71-4F2F-8B7C-F8398EA7D383}.Release|Any CPU.ActiveCfg = Release|Any CPU
		{B45E5272-CE71-4F2F-8B7C-F8398EA7D383}.Release|Any CPU.Build.0 = Release|Any CPU
		{5E6EE0A3-8698-470B-83CA-F09C5D4D7C89}.Debug|Any CPU.ActiveCfg = Debug|Any CPU
		{5E6EE0A3-8698-470B-83CA-F09C5D4D7C89}.Debug|Any CPU.Build.0 = Debug|Any CPU
		{5E6EE0A3-8698-470B-83CA-F09C5D4D7C89}.Release|Any CPU.ActiveCfg = Release|Any CPU
		{5E6EE0A3-8698-470B-83CA-F09C5D4D7C89}.Release|Any CPU.Build.0 = Release|Any CPU
		{7C536B17-F8B9-46E0-84F2-4D8C9B2AC5C4}.Debug|Any CPU.ActiveCfg = Debug|Any CPU
		{7C536B17-F8B9-46E0-84F2-4D8C9B2AC5C4}.Debug|Any CPU.Build.0 = Debug|Any CPU
		{7C536B17-F8B9-46E0-84F2-4D8C9B2AC5C4}.Release|Any CPU.ActiveCfg = Release|Any CPU
		{7C536B17-F8B9-46E0-84F2-4D8C9B2AC5C4}.Release|Any CPU.Build.0 = Release|Any CPU
		{D4A67C15-484F-4EF4-AE56-584D236DD200}.Debug|Any CPU.ActiveCfg = Debug|Any CPU
		{D4A67C15-484F-4EF4-AE56-584D236DD200}.Debug|Any CPU.Build.0 = Debug|Any CPU
		{D4A67C15-484F-4EF4-AE56-584D236DD200}.Release|Any CPU.ActiveCfg = Release|Any CPU
		{D4A67C15-484F-4EF4-AE56-584D236DD200}.Release|Any CPU.Build.0 = Release|Any CPU
	EndGlobalSection
	GlobalSection(SolutionProperties) = preSolution
		HideSolutionNode = FALSE
	EndGlobalSection
	GlobalSection(ExtensibilityGlobals) = postSolution
		SolutionGuid = {3A8A4A3C-8AC7-478C-A393-6B46A7B2DB4F}
	EndGlobalSection
EndGlobal
