
Microsoft Visual Studio Solution File, Format Version 12.00
# Visual Studio Version 17
VisualStudioVersion = 17.2.32616.157
MinimumVisualStudioVersion = 10.0.40219.1
Project("{9A19103F-16F7-4668-BE54-9A1E7A4F7556}") = "01.CompanyRoster", "01.CompanyRoster\01.CompanyRoster.csproj", "{22EA1C39-1A4B-4655-BA87-F1DD0C392179}"
EndProject
Project("{9A19103F-16F7-4668-BE54-9A1E7A4F7556}") = "02.OldestFamilyMember", "02.OldestFamilyMember\02.OldestFamilyMember.csproj", "{367061B3-BCD7-40D1-8B09-82A7419AAF10}"
EndProject
Project("{FAE04EC0-301F-11D3-BF4B-00C04F79EFBC}") = "03.SpeedRacing", "03.SpeedRacing\03.SpeedRacing.csproj", "{968B5472-26E8-4C2D-8549-6DC5DD6CFBAC}"
EndProject
Global
	GlobalSection(SolutionConfigurationPlatforms) = preSolution
		Debug|Any CPU = Debug|Any CPU
		Release|Any CPU = Release|Any CPU
	EndGlobalSection
	GlobalSection(ProjectConfigurationPlatforms) = postSolution
		{22EA1C39-1A4B-4655-BA87-F1DD0C392179}.Debug|Any CPU.ActiveCfg = Debug|Any CPU
		{22EA1C39-1A4B-4655-BA87-F1DD0C392179}.Debug|Any CPU.Build.0 = Debug|Any CPU
		{22EA1C39-1A4B-4655-BA87-F1DD0C392179}.Release|Any CPU.ActiveCfg = Release|Any CPU
		{22EA1C39-1A4B-4655-BA87-F1DD0C392179}.Release|Any CPU.Build.0 = Release|Any CPU
		{367061B3-BCD7-40D1-8B09-82A7419AAF10}.Debug|Any CPU.ActiveCfg = Debug|Any CPU
		{367061B3-BCD7-40D1-8B09-82A7419AAF10}.Debug|Any CPU.Build.0 = Debug|Any CPU
		{367061B3-BCD7-40D1-8B09-82A7419AAF10}.Release|Any CPU.ActiveCfg = Release|Any CPU
		{367061B3-BCD7-40D1-8B09-82A7419AAF10}.Release|Any CPU.Build.0 = Release|Any CPU
		{968B5472-26E8-4C2D-8549-6DC5DD6CFBAC}.Debug|Any CPU.ActiveCfg = Debug|Any CPU
		{968B5472-26E8-4C2D-8549-6DC5DD6CFBAC}.Debug|Any CPU.Build.0 = Debug|Any CPU
		{968B5472-26E8-4C2D-8549-6DC5DD6CFBAC}.Release|Any CPU.ActiveCfg = Release|Any CPU
		{968B5472-26E8-4C2D-8549-6DC5DD6CFBAC}.Release|Any CPU.Build.0 = Release|Any CPU
	EndGlobalSection
	GlobalSection(SolutionProperties) = preSolution
		HideSolutionNode = FALSE
	EndGlobalSection
	GlobalSection(ExtensibilityGlobals) = postSolution
		SolutionGuid = {D879FE6F-7238-47B2-9BF2-13177021A712}
	EndGlobalSection
EndGlobal
