
Microsoft Visual Studio Solution File, Format Version 12.00
# Visual Studio Version 17
VisualStudioVersion = 17.3.32922.545
MinimumVisualStudioVersion = 10.0.40219.1
Project("{9A19103F-16F7-4668-BE54-9A1E7A4F7556}") = "Zoo", "02.Zoo\Zoo.csproj", "{0F94E571-83CC-45AF-A525-C6271E5218A8}"
EndProject
Project("{9A19103F-16F7-4668-BE54-9A1E7A4F7556}") = "PlayersAndMonsters", "03.PlayersAndMonsters\PlayersAndMonsters.csproj", "{2D622389-F0E0-4D1B-8995-A989DDDEF2D0}"
EndProject
Project("{9A19103F-16F7-4668-BE54-9A1E7A4F7556}") = "NeedForSpeed", "04.NeedForSpeed\NeedForSpeed.csproj", "{E5EB9448-906D-48C3-BDB0-A44D75436F22}"
EndProject
Project("{9A19103F-16F7-4668-BE54-9A1E7A4F7556}") = "Person", "01.Person\Person.csproj", "{B1C2ADA1-83C7-43F4-966B-2AA2D5471813}"
EndProject
Project("{9A19103F-16F7-4668-BE54-9A1E7A4F7556}") = "Restaurant", "05.Restaurant\Restaurant.csproj", "{987BB449-6F0E-44D2-9D83-2FFBBE37577D}"
EndProject
Project("{9A19103F-16F7-4668-BE54-9A1E7A4F7556}") = "Animals", "06.Animals\Animals.csproj", "{65C74D29-AA02-4565-AEDE-B93576489EA5}"
EndProject
Global
	GlobalSection(SolutionConfigurationPlatforms) = preSolution
		Debug|Any CPU = Debug|Any CPU
		Release|Any CPU = Release|Any CPU
	EndGlobalSection
	GlobalSection(ProjectConfigurationPlatforms) = postSolution
		{0F94E571-83CC-45AF-A525-C6271E5218A8}.Debug|Any CPU.ActiveCfg = Debug|Any CPU
		{0F94E571-83CC-45AF-A525-C6271E5218A8}.Debug|Any CPU.Build.0 = Debug|Any CPU
		{0F94E571-83CC-45AF-A525-C6271E5218A8}.Release|Any CPU.ActiveCfg = Release|Any CPU
		{0F94E571-83CC-45AF-A525-C6271E5218A8}.Release|Any CPU.Build.0 = Release|Any CPU
		{2D622389-F0E0-4D1B-8995-A989DDDEF2D0}.Debug|Any CPU.ActiveCfg = Debug|Any CPU
		{2D622389-F0E0-4D1B-8995-A989DDDEF2D0}.Debug|Any CPU.Build.0 = Debug|Any CPU
		{2D622389-F0E0-4D1B-8995-A989DDDEF2D0}.Release|Any CPU.ActiveCfg = Release|Any CPU
		{2D622389-F0E0-4D1B-8995-A989DDDEF2D0}.Release|Any CPU.Build.0 = Release|Any CPU
		{E5EB9448-906D-48C3-BDB0-A44D75436F22}.Debug|Any CPU.ActiveCfg = Debug|Any CPU
		{E5EB9448-906D-48C3-BDB0-A44D75436F22}.Debug|Any CPU.Build.0 = Debug|Any CPU
		{E5EB9448-906D-48C3-BDB0-A44D75436F22}.Release|Any CPU.ActiveCfg = Release|Any CPU
		{E5EB9448-906D-48C3-BDB0-A44D75436F22}.Release|Any CPU.Build.0 = Release|Any CPU
		{B1C2ADA1-83C7-43F4-966B-2AA2D5471813}.Debug|Any CPU.ActiveCfg = Debug|Any CPU
		{B1C2ADA1-83C7-43F4-966B-2AA2D5471813}.Debug|Any CPU.Build.0 = Debug|Any CPU
		{B1C2ADA1-83C7-43F4-966B-2AA2D5471813}.Release|Any CPU.ActiveCfg = Release|Any CPU
		{B1C2ADA1-83C7-43F4-966B-2AA2D5471813}.Release|Any CPU.Build.0 = Release|Any CPU
		{987BB449-6F0E-44D2-9D83-2FFBBE37577D}.Debug|Any CPU.ActiveCfg = Debug|Any CPU
		{987BB449-6F0E-44D2-9D83-2FFBBE37577D}.Debug|Any CPU.Build.0 = Debug|Any CPU
		{987BB449-6F0E-44D2-9D83-2FFBBE37577D}.Release|Any CPU.ActiveCfg = Release|Any CPU
		{987BB449-6F0E-44D2-9D83-2FFBBE37577D}.Release|Any CPU.Build.0 = Release|Any CPU
		{65C74D29-AA02-4565-AEDE-B93576489EA5}.Debug|Any CPU.ActiveCfg = Debug|Any CPU
		{65C74D29-AA02-4565-AEDE-B93576489EA5}.Debug|Any CPU.Build.0 = Debug|Any CPU
		{65C74D29-AA02-4565-AEDE-B93576489EA5}.Release|Any CPU.ActiveCfg = Release|Any CPU
		{65C74D29-AA02-4565-AEDE-B93576489EA5}.Release|Any CPU.Build.0 = Release|Any CPU
	EndGlobalSection
	GlobalSection(SolutionProperties) = preSolution
		HideSolutionNode = FALSE
	EndGlobalSection
	GlobalSection(ExtensibilityGlobals) = postSolution
		SolutionGuid = {BF694D84-28A5-4B3A-BD21-BFF1C5AB3724}
	EndGlobalSection
EndGlobal
