
Microsoft Visual Studio Solution File, Format Version 12.00
# Visual Studio Version 17
VisualStudioVersion = 17.2.32616.157
MinimumVisualStudioVersion = 10.0.40219.1
Project("{9A19103F-16F7-4668-BE54-9A1E7A4F7556}") = "01.RandomizeWords", "01.RandomizeWords\01.RandomizeWords.csproj", "{BE2D1F58-DC4A-4431-BE8B-CC725DBFB22F}"
EndProject
Project("{9A19103F-16F7-4668-BE54-9A1E7A4F7556}") = "02.BigFactorial", "02.BigFactorial\02.BigFactorial.csproj", "{1D9AE427-9492-4FC8-9714-7DC21F7A6F01}"
EndProject
Project("{9A19103F-16F7-4668-BE54-9A1E7A4F7556}") = "03.Songs", "03.Songs\03.Songs.csproj", "{DC8E41E8-1E3C-4E24-8816-B17BEAF15647}"
EndProject
Project("{9A19103F-16F7-4668-BE54-9A1E7A4F7556}") = "04.Students", "04.Students\04.Students.csproj", "{76E420CD-2AF4-4D9D-A486-6529F1BCC8CA}"
EndProject
Project("{9A19103F-16F7-4668-BE54-9A1E7A4F7556}") = "05.StudentsVol2", "StudentsVol2\05.StudentsVol2.csproj", "{551D5FA8-383E-418F-B9B2-27C7EABAF995}"
EndProject
Project("{FAE04EC0-301F-11D3-BF4B-00C04F79EFBC}") = "06.StoreBoxes", "06.StoreBoxes\06.StoreBoxes.csproj", "{CD8786B0-03F1-4E4A-A519-60A83C4DE8ED}"
EndProject
Project("{FAE04EC0-301F-11D3-BF4B-00C04F79EFBC}") = "07.VehicleCatalogue", "07.VehicleCatalogue\07.VehicleCatalogue.csproj", "{85084081-E129-49EB-9878-C77F6B37AD65}"
EndProject
Global
	GlobalSection(SolutionConfigurationPlatforms) = preSolution
		Debug|Any CPU = Debug|Any CPU
		Release|Any CPU = Release|Any CPU
	EndGlobalSection
	GlobalSection(ProjectConfigurationPlatforms) = postSolution
		{BE2D1F58-DC4A-4431-BE8B-CC725DBFB22F}.Debug|Any CPU.ActiveCfg = Debug|Any CPU
		{BE2D1F58-DC4A-4431-BE8B-CC725DBFB22F}.Debug|Any CPU.Build.0 = Debug|Any CPU
		{BE2D1F58-DC4A-4431-BE8B-CC725DBFB22F}.Release|Any CPU.ActiveCfg = Release|Any CPU
		{BE2D1F58-DC4A-4431-BE8B-CC725DBFB22F}.Release|Any CPU.Build.0 = Release|Any CPU
		{1D9AE427-9492-4FC8-9714-7DC21F7A6F01}.Debug|Any CPU.ActiveCfg = Debug|Any CPU
		{1D9AE427-9492-4FC8-9714-7DC21F7A6F01}.Debug|Any CPU.Build.0 = Debug|Any CPU
		{1D9AE427-9492-4FC8-9714-7DC21F7A6F01}.Release|Any CPU.ActiveCfg = Release|Any CPU
		{1D9AE427-9492-4FC8-9714-7DC21F7A6F01}.Release|Any CPU.Build.0 = Release|Any CPU
		{DC8E41E8-1E3C-4E24-8816-B17BEAF15647}.Debug|Any CPU.ActiveCfg = Debug|Any CPU
		{DC8E41E8-1E3C-4E24-8816-B17BEAF15647}.Debug|Any CPU.Build.0 = Debug|Any CPU
		{DC8E41E8-1E3C-4E24-8816-B17BEAF15647}.Release|Any CPU.ActiveCfg = Release|Any CPU
		{DC8E41E8-1E3C-4E24-8816-B17BEAF15647}.Release|Any CPU.Build.0 = Release|Any CPU
		{76E420CD-2AF4-4D9D-A486-6529F1BCC8CA}.Debug|Any CPU.ActiveCfg = Debug|Any CPU
		{76E420CD-2AF4-4D9D-A486-6529F1BCC8CA}.Debug|Any CPU.Build.0 = Debug|Any CPU
		{76E420CD-2AF4-4D9D-A486-6529F1BCC8CA}.Release|Any CPU.ActiveCfg = Release|Any CPU
		{76E420CD-2AF4-4D9D-A486-6529F1BCC8CA}.Release|Any CPU.Build.0 = Release|Any CPU
		{551D5FA8-383E-418F-B9B2-27C7EABAF995}.Debug|Any CPU.ActiveCfg = Debug|Any CPU
		{551D5FA8-383E-418F-B9B2-27C7EABAF995}.Debug|Any CPU.Build.0 = Debug|Any CPU
		{551D5FA8-383E-418F-B9B2-27C7EABAF995}.Release|Any CPU.ActiveCfg = Release|Any CPU
		{551D5FA8-383E-418F-B9B2-27C7EABAF995}.Release|Any CPU.Build.0 = Release|Any CPU
		{CD8786B0-03F1-4E4A-A519-60A83C4DE8ED}.Debug|Any CPU.ActiveCfg = Debug|Any CPU
		{CD8786B0-03F1-4E4A-A519-60A83C4DE8ED}.Debug|Any CPU.Build.0 = Debug|Any CPU
		{CD8786B0-03F1-4E4A-A519-60A83C4DE8ED}.Release|Any CPU.ActiveCfg = Release|Any CPU
		{CD8786B0-03F1-4E4A-A519-60A83C4DE8ED}.Release|Any CPU.Build.0 = Release|Any CPU
		{85084081-E129-49EB-9878-C77F6B37AD65}.Debug|Any CPU.ActiveCfg = Debug|Any CPU
		{85084081-E129-49EB-9878-C77F6B37AD65}.Debug|Any CPU.Build.0 = Debug|Any CPU
		{85084081-E129-49EB-9878-C77F6B37AD65}.Release|Any CPU.ActiveCfg = Release|Any CPU
		{85084081-E129-49EB-9878-C77F6B37AD65}.Release|Any CPU.Build.0 = Release|Any CPU
	EndGlobalSection
	GlobalSection(SolutionProperties) = preSolution
		HideSolutionNode = FALSE
	EndGlobalSection
	GlobalSection(ExtensibilityGlobals) = postSolution
		SolutionGuid = {E76E2CA4-3A92-4E05-B6AD-B745724A25E3}
	EndGlobalSection
EndGlobal
