
Microsoft Visual Studio Solution File, Format Version 12.00
# Visual Studio Version 17
VisualStudioVersion = 17.2.32616.157
MinimumVisualStudioVersion = 10.0.40219.1
Project("{FAE04EC0-301F-11D3-BF4B-00C04F79EFBC}") = "01.ReverseAString", "01.ReverseAString\01.ReverseAString.csproj", "{B1B03F51-F238-41E6-9666-B88AD40F5D2B}"
EndProject
Global
	GlobalSection(SolutionConfigurationPlatforms) = preSolution
		Debug|Any CPU = Debug|Any CPU
		Release|Any CPU = Release|Any CPU
	EndGlobalSection
	GlobalSection(ProjectConfigurationPlatforms) = postSolution
		{B1B03F51-F238-41E6-9666-B88AD40F5D2B}.Debug|Any CPU.ActiveCfg = Debug|Any CPU
		{B1B03F51-F238-41E6-9666-B88AD40F5D2B}.Debug|Any CPU.Build.0 = Debug|Any CPU
		{B1B03F51-F238-41E6-9666-B88AD40F5D2B}.Release|Any CPU.ActiveCfg = Release|Any CPU
		{B1B03F51-F238-41E6-9666-B88AD40F5D2B}.Release|Any CPU.Build.0 = Release|Any CPU
	EndGlobalSection
	GlobalSection(SolutionProperties) = preSolution
		HideSolutionNode = FALSE
	EndGlobalSection
	GlobalSection(ExtensibilityGlobals) = postSolution
		SolutionGuid = {0CC680A1-0563-447F-BFCF-37D8DAF91E11}
	EndGlobalSection
EndGlobal
